// !$*UTF8*$!
{
	archiveVersion = 1;
	classes = {
	};
	objectVersion = 46;
	objects = {

/* Begin PBXBuildFile section */
		0A0CEC0D19E44F55009C9F5B /* UHDReadIndicatorView.m in Sources */ = {isa = PBXBuildFile; fileRef = 0A0CEC0C19E44F55009C9F5B /* UHDReadIndicatorView.m */; };
		0A2000521920F18A0014C977 /* UHDNewsDetailViewController.m in Sources */ = {isa = PBXBuildFile; fileRef = 0A2000511920F18A0014C977 /* UHDNewsDetailViewController.m */; };
		0A586D8E19646A6600DF86EE /* UHDTalkSpeaker.m in Sources */ = {isa = PBXBuildFile; fileRef = 0A586D8D19646A6600DF86EE /* UHDTalkSpeaker.m */; };
		0A5EFF321A0ECB3700A6C999 /* UHDNewsSourcesNavigationBar.m in Sources */ = {isa = PBXBuildFile; fileRef = 0A5EFF311A0ECB3700A6C999 /* UHDNewsSourcesNavigationBar.m */; };
		0A7FACFA196B13DB00E2CC9D /* UHDEventItemCell.m in Sources */ = {isa = PBXBuildFile; fileRef = 0A7FACF9196B13DB00E2CC9D /* UHDEventItemCell.m */; };
		0A7FAD00196B17B000E2CC9D /* UHDTalkItemCell.m in Sources */ = {isa = PBXBuildFile; fileRef = 0A7FACFF196B17B000E2CC9D /* UHDTalkItemCell.m */; };
		0ACE47B519619BB9004F84F9 /* UHDEventItem.m in Sources */ = {isa = PBXBuildFile; fileRef = 0ACE47B419619BB9004F84F9 /* UHDEventItem.m */; };
		0ACE47B819619F07004F84F9 /* UHDTalkItem.m in Sources */ = {isa = PBXBuildFile; fileRef = 0ACE47B719619F07004F84F9 /* UHDTalkItem.m */; };
		0AD7F3721923F58E00F49551 /* UHDNewsItemCell.m in Sources */ = {isa = PBXBuildFile; fileRef = 0AD7F3711923F58E00F49551 /* UHDNewsItemCell.m */; };
		0AE2786C192A39CB00ED1641 /* UHDNewsSource.m in Sources */ = {isa = PBXBuildFile; fileRef = 0AE2786B192A39CB00ED1641 /* UHDNewsSource.m */; };
		0AF7D43B1A0C440400BD8423 /* UHDSourceCollectionViewCell.m in Sources */ = {isa = PBXBuildFile; fileRef = 0AF7D43A1A0C440400BD8423 /* UHDSourceCollectionViewCell.m */; };
		0B13624C19B4AF22000ECC3A /* UHDBuildingDetailViewController.m in Sources */ = {isa = PBXBuildFile; fileRef = 0B13624B19B4AF22000ECC3A /* UHDBuildingDetailViewController.m */; };
		0B176E711931114200D3C916 /* UHDNewsSourcesViewController.m in Sources */ = {isa = PBXBuildFile; fileRef = 0B176E6D1931114200D3C916 /* UHDNewsSourcesViewController.m */; };
		0B176E7A1931117700D3C916 /* UHDNewsCategory.m in Sources */ = {isa = PBXBuildFile; fileRef = 0B176E791931117700D3C916 /* UHDNewsCategory.m */; };
		0B355878199BC434008053EE /* UHDMapsSearchTableViewController.m in Sources */ = {isa = PBXBuildFile; fileRef = 0B355877199BC434008053EE /* UHDMapsSearchTableViewController.m */; };
		0B35587B199BC923008053EE /* UHDMapsSearchCell.m in Sources */ = {isa = PBXBuildFile; fileRef = 0B35587A199BC923008053EE /* UHDMapsSearchCell.m */; };
		0B355881199BCC02008053EE /* UHDMapsSearchCell+ConfigureForItem.m in Sources */ = {isa = PBXBuildFile; fileRef = 0B355880199BCC02008053EE /* UHDMapsSearchCell+ConfigureForItem.m */; };
		0B48B1D019C75FF7009C7977 /* UHDConfigureMapViewController.m in Sources */ = {isa = PBXBuildFile; fileRef = 0B48B1CF19C75FF7009C7977 /* UHDConfigureMapViewController.m */; };
		0B84B31E1993A59C00813CC2 /* UHDBuilding.m in Sources */ = {isa = PBXBuildFile; fileRef = 0B84B31D1993A59C00813CC2 /* UHDBuilding.m */; };
		0BAB274C19A7296600CAB517 /* UHDLocationCategory.m in Sources */ = {isa = PBXBuildFile; fileRef = 0BAB274B19A7296600CAB517 /* UHDLocationCategory.m */; };
		0BB49E1919ADC3F60025BD07 /* UHDCampusRegion.m in Sources */ = {isa = PBXBuildFile; fileRef = 0BB49E1819ADC3F60025BD07 /* UHDCampusRegion.m */; };
		0BEC8EB11993B40A00EAB8F6 /* UHDMapsRemoteDatasourceDelegate.m in Sources */ = {isa = PBXBuildFile; fileRef = 0BEC8EB01993B40A00EAB8F6 /* UHDMapsRemoteDatasourceDelegate.m */; };
		6F293EE8DA534A74838601AE /* libPods.a in Frameworks */ = {isa = PBXBuildFile; fileRef = 3F757EC4658C40C8B7B4E414 /* libPods.a */; };
		8701CE4C190C00A600A18F82 /* UHDRemoteDatasource.m in Sources */ = {isa = PBXBuildFile; fileRef = 8701CE4B190C00A600A18F82 /* UHDRemoteDatasource.m */; };
		8701CE50190C038600A18F82 /* UHDNewsRemoteDatasourceDelegate.m in Sources */ = {isa = PBXBuildFile; fileRef = 8701CE4F190C038600A18F82 /* UHDNewsRemoteDatasourceDelegate.m */; };
		870591DB19C0DDFA003E2906 /* UIImage+ImageEffects.m in Sources */ = {isa = PBXBuildFile; fileRef = 870591DA19C0DDFA003E2906 /* UIImage+ImageEffects.m */; };
		870591DF19C10922003E2906 /* VIImageOverlayRenderer.m in Sources */ = {isa = PBXBuildFile; fileRef = 870591DE19C10922003E2906 /* VIImageOverlayRenderer.m */; };
		872750F21964A1D100FDBC4E /* UHDMensaListViewController.m in Sources */ = {isa = PBXBuildFile; fileRef = DC87FDFA191AA12D00019F32 /* UHDMensaListViewController.m */; };
		8733B3F219F9FFD6007263AC /* CircularProgressView.swift in Sources */ = {isa = PBXBuildFile; fileRef = 8733B3F119F9FFD6007263AC /* CircularProgressView.swift */; };
		8733B3F619FA110D007263AC /* CircularProgressView+ConfigureForMensa.swift in Sources */ = {isa = PBXBuildFile; fileRef = 8733B3F519FA110D007263AC /* CircularProgressView+ConfigureForMensa.swift */; };
		8733B3FA19FA13BD007263AC /* Hours.swift in Sources */ = {isa = PBXBuildFile; fileRef = 8733B3F919FA13BD007263AC /* Hours.swift */; };
		8737FF0C193F9EB0007D61C4 /* VIFetchedResultsControllerDataSource.m in Sources */ = {isa = PBXBuildFile; fileRef = 8737FF0B193F9EB0007D61C4 /* VIFetchedResultsControllerDataSource.m */; };
		87475EC119E32B300028A9BF /* VILogKit.framework in Frameworks */ = {isa = PBXBuildFile; fileRef = 87475EBE19E32B240028A9BF /* VILogKit.framework */; };
		87475EC219E32B300028A9BF /* VILogKit.framework in Embed Frameworks */ = {isa = PBXBuildFile; fileRef = 87475EBE19E32B240028A9BF /* VILogKit.framework */; settings = {ATTRIBUTES = (CodeSignOnCopy, RemoveHeadersOnCopy, ); }; };
		875396021932B03C00DFEF19 /* UHDNewsSourceCell.m in Sources */ = {isa = PBXBuildFile; fileRef = 875396011932B03C00DFEF19 /* UHDNewsSourceCell.m */; };
		875396081932B11200DFEF19 /* UHDNewsSourceCell+ConfigureForSource.m in Sources */ = {isa = PBXBuildFile; fileRef = 875396071932B11200DFEF19 /* UHDNewsSourceCell+ConfigureForSource.m */; };
		875F43B71A1BD250006C4112 /* LaunchScreen.storyboard in Resources */ = {isa = PBXBuildFile; fileRef = 875F43B61A1BD250006C4112 /* LaunchScreen.storyboard */; };
		87600EA4192139EB00F18C8D /* UHDMensaRemoteDatasourceDelegate.m in Sources */ = {isa = PBXBuildFile; fileRef = 87600EA3192139EB00F18C8D /* UHDMensaRemoteDatasourceDelegate.m */; };
		877AEE8819BD370300ED270D /* UHDBuildingAnnotationView.m in Sources */ = {isa = PBXBuildFile; fileRef = 877AEE8719BD370300ED270D /* UHDBuildingAnnotationView.m */; };
		87839F3A19D4D70B00E5E6C8 /* MensaDayPickerCell.swift in Sources */ = {isa = PBXBuildFile; fileRef = 87839F3819D4D70B00E5E6C8 /* MensaDayPickerCell.swift */; };
		87839F3D19D52A3B00E5E6C8 /* MensaDayPicker.swift in Sources */ = {isa = PBXBuildFile; fileRef = 87839F3C19D52A3B00E5E6C8 /* MensaDayPicker.swift */; };
		8799DA96192AB4D9009B3CAB /* XCTest.framework in Frameworks */ = {isa = PBXBuildFile; fileRef = 87CBE0B01908810B0029D9AF /* XCTest.framework */; };
		8799DA97192AB4D9009B3CAB /* Foundation.framework in Frameworks */ = {isa = PBXBuildFile; fileRef = 87CBE08B1908810B0029D9AF /* Foundation.framework */; };
		8799DA98192AB4D9009B3CAB /* UIKit.framework in Frameworks */ = {isa = PBXBuildFile; fileRef = 87CBE08F1908810B0029D9AF /* UIKit.framework */; };
		8799DA9E192AB4D9009B3CAB /* InfoPlist.strings in Resources */ = {isa = PBXBuildFile; fileRef = 8799DA9C192AB4D9009B3CAB /* InfoPlist.strings */; };
		8799DAA0192AB4D9009B3CAB /* UHDRemoteTests.m in Sources */ = {isa = PBXBuildFile; fileRef = 8799DA9F192AB4D9009B3CAB /* UHDRemoteTests.m */; };
		8799DAA8192AB4F8009B3CAB /* UHDDatabaseTests.m in Sources */ = {isa = PBXBuildFile; fileRef = 8799DAA7192AB4F8009B3CAB /* UHDDatabaseTests.m */; };
		8799DAA9192ABCBA009B3CAB /* UHDPersistentStack.m in Sources */ = {isa = PBXBuildFile; fileRef = 87FF70FD1924097E00FCF5F4 /* UHDPersistentStack.m */; };
		8799DAAA192ABDE9009B3CAB /* VILogger.m in Sources */ = {isa = PBXBuildFile; fileRef = 87F826E9190D700E0008144F /* VILogger.m */; };
		87A8633819196D10008C106D /* NSManagedObject+VIInsertIntoContextCategory.m in Sources */ = {isa = PBXBuildFile; fileRef = 87A8633719196D10008C106D /* NSManagedObject+VIInsertIntoContextCategory.m */; };
		87B276CF192E04110057B505 /* UIColor+UHDBrandColor.m in Sources */ = {isa = PBXBuildFile; fileRef = 87B276CE192E04110057B505 /* UIColor+UHDBrandColor.m */; };
		87B974E5192D57330080AA40 /* UHDRemoteDatasourceManager.m in Sources */ = {isa = PBXBuildFile; fileRef = 87B974E4192D57330080AA40 /* UHDRemoteDatasourceManager.m */; };
		87B974E8192D5A360080AA40 /* VIManager.m in Sources */ = {isa = PBXBuildFile; fileRef = 87B974E7192D5A360080AA40 /* VIManager.m */; };
		87CBE08C1908810B0029D9AF /* Foundation.framework in Frameworks */ = {isa = PBXBuildFile; fileRef = 87CBE08B1908810B0029D9AF /* Foundation.framework */; };
		87CBE08E1908810B0029D9AF /* CoreGraphics.framework in Frameworks */ = {isa = PBXBuildFile; fileRef = 87CBE08D1908810B0029D9AF /* CoreGraphics.framework */; };
		87CBE0901908810B0029D9AF /* UIKit.framework in Frameworks */ = {isa = PBXBuildFile; fileRef = 87CBE08F1908810B0029D9AF /* UIKit.framework */; };
		87CBE0961908810B0029D9AF /* InfoPlist.strings in Resources */ = {isa = PBXBuildFile; fileRef = 87CBE0941908810B0029D9AF /* InfoPlist.strings */; };
		87CBE0981908810B0029D9AF /* main.m in Sources */ = {isa = PBXBuildFile; fileRef = 87CBE0971908810B0029D9AF /* main.m */; };
		87CBE09C1908810B0029D9AF /* UHDAppDelegate.m in Sources */ = {isa = PBXBuildFile; fileRef = 87CBE09B1908810B0029D9AF /* UHDAppDelegate.m */; };
		87CBE0AA1908810B0029D9AF /* Images.xcassets in Resources */ = {isa = PBXBuildFile; fileRef = 87CBE0A91908810B0029D9AF /* Images.xcassets */; };
		87DBE7F41919C3F700C16970 /* news.storyboard in Resources */ = {isa = PBXBuildFile; fileRef = 87DBE7F31919C3F700C16970 /* news.storyboard */; };
		87DC1FA5191AB5C600395559 /* mensa.xcdatamodeld in Sources */ = {isa = PBXBuildFile; fileRef = 87DC1FA3191AB5C600395559 /* mensa.xcdatamodeld */; };
		87E85274195727E4007503B8 /* maps.storyboard in Resources */ = {isa = PBXBuildFile; fileRef = 87E85273195727E4007503B8 /* maps.storyboard */; };
		87E85276195728A7007503B8 /* MapKit.framework in Frameworks */ = {isa = PBXBuildFile; fileRef = 87E85275195728A7007503B8 /* MapKit.framework */; };
		87E8527A1957297A007503B8 /* UHDMapsViewController.m in Sources */ = {isa = PBXBuildFile; fileRef = 87E852791957297A007503B8 /* UHDMapsViewController.m */; };
		87E8527D19572BD4007503B8 /* UHDRemoteManagedObject.m in Sources */ = {isa = PBXBuildFile; fileRef = 87E8527C19572BD4007503B8 /* UHDRemoteManagedObject.m */; };
		87EE2556191924E20092DF7F /* UHDNewsViewController.m in Sources */ = {isa = PBXBuildFile; fileRef = 87EE2555191924E20092DF7F /* UHDNewsViewController.m */; };
		87F2BA4E1954789600034813 /* UHDNewsListViewController.m in Sources */ = {isa = PBXBuildFile; fileRef = 87F2BA4D1954789600034813 /* UHDNewsListViewController.m */; };
		87F826CD190D41450008144F /* CoreData.framework in Frameworks */ = {isa = PBXBuildFile; fileRef = 87F826CC190D41450008144F /* CoreData.framework */; };
		87F826D0190D422F0008144F /* news.xcdatamodeld in Sources */ = {isa = PBXBuildFile; fileRef = 87F826CE190D422F0008144F /* news.xcdatamodeld */; };
		87F826EA190D700E0008144F /* VILogger.m in Sources */ = {isa = PBXBuildFile; fileRef = 87F826E9190D700E0008144F /* VILogger.m */; };
		87FCA99319958EB100B3A55F /* Maps.xcdatamodeld in Sources */ = {isa = PBXBuildFile; fileRef = 87FCA99119958EB100B3A55F /* Maps.xcdatamodeld */; };
		87FCA9961995901200B3A55F /* UHDRemoteManagedLocation.m in Sources */ = {isa = PBXBuildFile; fileRef = 87FCA9951995901200B3A55F /* UHDRemoteManagedLocation.m */; };
		87FF70FB1923F33500FCF5F4 /* UHDNewsItem.m in Sources */ = {isa = PBXBuildFile; fileRef = 87FF70FA1923F33500FCF5F4 /* UHDNewsItem.m */; };
		87FF70FE1924097E00FCF5F4 /* UHDPersistentStack.m in Sources */ = {isa = PBXBuildFile; fileRef = 87FF70FD1924097E00FCF5F4 /* UHDPersistentStack.m */; };
		94F484921936620B0063BF9F /* UHDTriangleStatusImageView.m in Sources */ = {isa = PBXBuildFile; fileRef = 94F484911936620B0063BF9F /* UHDTriangleStatusImageView.m */; };
		C8A2747198674D11925252D8 /* libPods.a in Frameworks */ = {isa = PBXBuildFile; fileRef = 3F757EC4658C40C8B7B4E414 /* libPods.a */; };
		DC21B6D71923D27500BAD26D /* UHDDailyMenu.m in Sources */ = {isa = PBXBuildFile; fileRef = DC21B6D61923D27500BAD26D /* UHDDailyMenu.m */; };
		DC21B6DA1923D27600BAD26D /* UHDMensaSection.m in Sources */ = {isa = PBXBuildFile; fileRef = DC21B6D91923D27600BAD26D /* UHDMensaSection.m */; };
		DC21B6DD1923D27600BAD26D /* UHDMeal.m in Sources */ = {isa = PBXBuildFile; fileRef = DC21B6DC1923D27600BAD26D /* UHDMeal.m */; };
		DC21B6E01923D27600BAD26D /* UHDMensa.m in Sources */ = {isa = PBXBuildFile; fileRef = DC21B6DF1923D27600BAD26D /* UHDMensa.m */; };
		DC21B6E31923FDC300BAD26D /* UHDDailyMenuViewController.m in Sources */ = {isa = PBXBuildFile; fileRef = DC21B6E21923FDC300BAD26D /* UHDDailyMenuViewController.m */; };
		DC33313C19976456009AA35A /* CoreLocation.framework in Frameworks */ = {isa = PBXBuildFile; fileRef = DC33313B19976456009AA35A /* CoreLocation.framework */; };
		DC462EC1196964F60071ABBC /* UHDFavouritesStarView.m in Sources */ = {isa = PBXBuildFile; fileRef = DC462EC0196964F60071ABBC /* UHDFavouritesStarView.m */; };
		DC5394A919F284D4004F6828 /* FavouriteMensenView.swift in Sources */ = {isa = PBXBuildFile; fileRef = DC5394A819F284D4004F6828 /* FavouriteMensenView.swift */; };
		DC602447193E23A500B06BF2 /* UHDMensaViewController.m in Sources */ = {isa = PBXBuildFile; fileRef = DC602446193E23A500B06BF2 /* UHDMensaViewController.m */; };
		DC83C93A192BDDA6004CC75B /* UHDMealCell.m in Sources */ = {isa = PBXBuildFile; fileRef = DC83C939192BDDA5004CC75B /* UHDMealCell.m */; };
		DC87FDF8191AA00600019F32 /* mensa.storyboard in Resources */ = {isa = PBXBuildFile; fileRef = DC87FDF7191AA00600019F32 /* mensa.storyboard */; };
		DC94C7E7195B20D300615056 /* UHDMensaDetailViewController.m in Sources */ = {isa = PBXBuildFile; fileRef = DC94C7E6195B20D300615056 /* UHDMensaDetailViewController.m */; };
		DCD00AA01996605400DCCB24 /* UHDFavouriteCell.m in Sources */ = {isa = PBXBuildFile; fileRef = DCD00A9F1996605400DCCB24 /* UHDFavouriteCell.m */; };
		DCD00AA41996911900DCCB24 /* UIColor+UHDFavouriteColor.m in Sources */ = {isa = PBXBuildFile; fileRef = DCD00AA31996911900DCCB24 /* UIColor+UHDFavouriteColor.m */; };
		DCD00AA71996996800DCCB24 /* UHDMensaCell.m in Sources */ = {isa = PBXBuildFile; fileRef = DCD00AA61996996800DCCB24 /* UHDMensaCell.m */; };
/* End PBXBuildFile section */

/* Begin PBXContainerItemProxy section */
		87475EBD19E32B240028A9BF /* PBXContainerItemProxy */ = {
			isa = PBXContainerItemProxy;
			containerPortal = 87475EB819E32B230028A9BF /* VILogKit.xcodeproj */;
			proxyType = 2;
			remoteGlobalIDString = 87539B1F19DB23F00084658D;
			remoteInfo = VILogKit;
		};
		87475EBF19E32B240028A9BF /* PBXContainerItemProxy */ = {
			isa = PBXContainerItemProxy;
			containerPortal = 87475EB819E32B230028A9BF /* VILogKit.xcodeproj */;
			proxyType = 2;
			remoteGlobalIDString = 87539B2A19DB23F00084658D;
			remoteInfo = VILogKitTests;
		};
		87475EC319E32B300028A9BF /* PBXContainerItemProxy */ = {
			isa = PBXContainerItemProxy;
			containerPortal = 87475EB819E32B230028A9BF /* VILogKit.xcodeproj */;
			proxyType = 1;
			remoteGlobalIDString = 87539B1E19DB23F00084658D;
			remoteInfo = VILogKit;
		};
		8799DAA2192AB4D9009B3CAB /* PBXContainerItemProxy */ = {
			isa = PBXContainerItemProxy;
			containerPortal = 87CBE0801908810B0029D9AF /* Project object */;
			proxyType = 1;
			remoteGlobalIDString = 87CBE0871908810B0029D9AF;
			remoteInfo = "uni-hd";
		};
/* End PBXContainerItemProxy section */

/* Begin PBXCopyFilesBuildPhase section */
		8734357E19DB6C68005ED0E8 /* Embed Frameworks */ = {
			isa = PBXCopyFilesBuildPhase;
			buildActionMask = 2147483647;
			dstPath = "";
			dstSubfolderSpec = 10;
			files = (
				87475EC219E32B300028A9BF /* VILogKit.framework in Embed Frameworks */,
			);
			name = "Embed Frameworks";
			runOnlyForDeploymentPostprocessing = 0;
		};
/* End PBXCopyFilesBuildPhase section */

/* Begin PBXFileReference section */
		0A0CEC0B19E44F55009C9F5B /* UHDReadIndicatorView.h */ = {isa = PBXFileReference; fileEncoding = 4; lastKnownFileType = sourcecode.c.h; path = UHDReadIndicatorView.h; sourceTree = "<group>"; };
		0A0CEC0C19E44F55009C9F5B /* UHDReadIndicatorView.m */ = {isa = PBXFileReference; fileEncoding = 4; lastKnownFileType = sourcecode.c.objc; path = UHDReadIndicatorView.m; sourceTree = "<group>"; };
		0A2000501920F18A0014C977 /* UHDNewsDetailViewController.h */ = {isa = PBXFileReference; fileEncoding = 4; lastKnownFileType = sourcecode.c.h; path = UHDNewsDetailViewController.h; sourceTree = "<group>"; };
		0A2000511920F18A0014C977 /* UHDNewsDetailViewController.m */ = {isa = PBXFileReference; fileEncoding = 4; lastKnownFileType = sourcecode.c.objc; path = UHDNewsDetailViewController.m; sourceTree = "<group>"; };
		0A586D8C19646A6600DF86EE /* UHDTalkSpeaker.h */ = {isa = PBXFileReference; fileEncoding = 4; lastKnownFileType = sourcecode.c.h; path = UHDTalkSpeaker.h; sourceTree = "<group>"; };
		0A586D8D19646A6600DF86EE /* UHDTalkSpeaker.m */ = {isa = PBXFileReference; fileEncoding = 4; lastKnownFileType = sourcecode.c.objc; path = UHDTalkSpeaker.m; sourceTree = "<group>"; };
		0A5EFF301A0ECB3700A6C999 /* UHDNewsSourcesNavigationBar.h */ = {isa = PBXFileReference; fileEncoding = 4; lastKnownFileType = sourcecode.c.h; path = UHDNewsSourcesNavigationBar.h; sourceTree = "<group>"; };
		0A5EFF311A0ECB3700A6C999 /* UHDNewsSourcesNavigationBar.m */ = {isa = PBXFileReference; fileEncoding = 4; lastKnownFileType = sourcecode.c.objc; path = UHDNewsSourcesNavigationBar.m; sourceTree = "<group>"; };
		0A7FACF8196B13DB00E2CC9D /* UHDEventItemCell.h */ = {isa = PBXFileReference; fileEncoding = 4; lastKnownFileType = sourcecode.c.h; path = UHDEventItemCell.h; sourceTree = "<group>"; };
		0A7FACF9196B13DB00E2CC9D /* UHDEventItemCell.m */ = {isa = PBXFileReference; fileEncoding = 4; lastKnownFileType = sourcecode.c.objc; path = UHDEventItemCell.m; sourceTree = "<group>"; };
		0A7FACFE196B17B000E2CC9D /* UHDTalkItemCell.h */ = {isa = PBXFileReference; fileEncoding = 4; lastKnownFileType = sourcecode.c.h; path = UHDTalkItemCell.h; sourceTree = "<group>"; };
		0A7FACFF196B17B000E2CC9D /* UHDTalkItemCell.m */ = {isa = PBXFileReference; fileEncoding = 4; lastKnownFileType = sourcecode.c.objc; path = UHDTalkItemCell.m; sourceTree = "<group>"; };
		0ACE47B319619BB9004F84F9 /* UHDEventItem.h */ = {isa = PBXFileReference; fileEncoding = 4; lastKnownFileType = sourcecode.c.h; path = UHDEventItem.h; sourceTree = "<group>"; };
		0ACE47B419619BB9004F84F9 /* UHDEventItem.m */ = {isa = PBXFileReference; fileEncoding = 4; lastKnownFileType = sourcecode.c.objc; path = UHDEventItem.m; sourceTree = "<group>"; };
		0ACE47B619619F07004F84F9 /* UHDTalkItem.h */ = {isa = PBXFileReference; fileEncoding = 4; lastKnownFileType = sourcecode.c.h; path = UHDTalkItem.h; sourceTree = "<group>"; };
		0ACE47B719619F07004F84F9 /* UHDTalkItem.m */ = {isa = PBXFileReference; fileEncoding = 4; lastKnownFileType = sourcecode.c.objc; path = UHDTalkItem.m; sourceTree = "<group>"; };
		0AD7F3701923F58E00F49551 /* UHDNewsItemCell.h */ = {isa = PBXFileReference; fileEncoding = 4; lastKnownFileType = sourcecode.c.h; path = UHDNewsItemCell.h; sourceTree = "<group>"; };
		0AD7F3711923F58E00F49551 /* UHDNewsItemCell.m */ = {isa = PBXFileReference; fileEncoding = 4; lastKnownFileType = sourcecode.c.objc; path = UHDNewsItemCell.m; sourceTree = "<group>"; };
		0AE2786A192A39CB00ED1641 /* UHDNewsSource.h */ = {isa = PBXFileReference; fileEncoding = 4; lastKnownFileType = sourcecode.c.h; path = UHDNewsSource.h; sourceTree = "<group>"; };
		0AE2786B192A39CB00ED1641 /* UHDNewsSource.m */ = {isa = PBXFileReference; fileEncoding = 4; lastKnownFileType = sourcecode.c.objc; path = UHDNewsSource.m; sourceTree = "<group>"; };
		0AF7D4391A0C440400BD8423 /* UHDSourceCollectionViewCell.h */ = {isa = PBXFileReference; fileEncoding = 4; lastKnownFileType = sourcecode.c.h; path = UHDSourceCollectionViewCell.h; sourceTree = "<group>"; };
		0AF7D43A1A0C440400BD8423 /* UHDSourceCollectionViewCell.m */ = {isa = PBXFileReference; fileEncoding = 4; lastKnownFileType = sourcecode.c.objc; path = UHDSourceCollectionViewCell.m; sourceTree = "<group>"; };
		0B13624A19B4AF22000ECC3A /* UHDBuildingDetailViewController.h */ = {isa = PBXFileReference; fileEncoding = 4; lastKnownFileType = sourcecode.c.h; path = UHDBuildingDetailViewController.h; sourceTree = "<group>"; };
		0B13624B19B4AF22000ECC3A /* UHDBuildingDetailViewController.m */ = {isa = PBXFileReference; fileEncoding = 4; lastKnownFileType = sourcecode.c.objc; path = UHDBuildingDetailViewController.m; sourceTree = "<group>"; };
		0B176E6C1931114200D3C916 /* UHDNewsSourcesViewController.h */ = {isa = PBXFileReference; fileEncoding = 4; lastKnownFileType = sourcecode.c.h; path = UHDNewsSourcesViewController.h; sourceTree = "<group>"; };
		0B176E6D1931114200D3C916 /* UHDNewsSourcesViewController.m */ = {isa = PBXFileReference; fileEncoding = 4; lastKnownFileType = sourcecode.c.objc; path = UHDNewsSourcesViewController.m; sourceTree = "<group>"; };
		0B176E781931117700D3C916 /* UHDNewsCategory.h */ = {isa = PBXFileReference; fileEncoding = 4; lastKnownFileType = sourcecode.c.h; path = UHDNewsCategory.h; sourceTree = "<group>"; };
		0B176E791931117700D3C916 /* UHDNewsCategory.m */ = {isa = PBXFileReference; fileEncoding = 4; lastKnownFileType = sourcecode.c.objc; path = UHDNewsCategory.m; sourceTree = "<group>"; };
		0B355876199BC434008053EE /* UHDMapsSearchTableViewController.h */ = {isa = PBXFileReference; fileEncoding = 4; lastKnownFileType = sourcecode.c.h; path = UHDMapsSearchTableViewController.h; sourceTree = "<group>"; };
		0B355877199BC434008053EE /* UHDMapsSearchTableViewController.m */ = {isa = PBXFileReference; fileEncoding = 4; lastKnownFileType = sourcecode.c.objc; path = UHDMapsSearchTableViewController.m; sourceTree = "<group>"; };
		0B355879199BC923008053EE /* UHDMapsSearchCell.h */ = {isa = PBXFileReference; fileEncoding = 4; lastKnownFileType = sourcecode.c.h; path = UHDMapsSearchCell.h; sourceTree = "<group>"; };
		0B35587A199BC923008053EE /* UHDMapsSearchCell.m */ = {isa = PBXFileReference; fileEncoding = 4; lastKnownFileType = sourcecode.c.objc; path = UHDMapsSearchCell.m; sourceTree = "<group>"; };
		0B35587F199BCC02008053EE /* UHDMapsSearchCell+ConfigureForItem.h */ = {isa = PBXFileReference; fileEncoding = 4; lastKnownFileType = sourcecode.c.h; path = "UHDMapsSearchCell+ConfigureForItem.h"; sourceTree = "<group>"; };
		0B355880199BCC02008053EE /* UHDMapsSearchCell+ConfigureForItem.m */ = {isa = PBXFileReference; fileEncoding = 4; lastKnownFileType = sourcecode.c.objc; path = "UHDMapsSearchCell+ConfigureForItem.m"; sourceTree = "<group>"; };
		0B48B1CE19C75FF7009C7977 /* UHDConfigureMapViewController.h */ = {isa = PBXFileReference; fileEncoding = 4; lastKnownFileType = sourcecode.c.h; path = UHDConfigureMapViewController.h; sourceTree = "<group>"; };
		0B48B1CF19C75FF7009C7977 /* UHDConfigureMapViewController.m */ = {isa = PBXFileReference; fileEncoding = 4; lastKnownFileType = sourcecode.c.objc; path = UHDConfigureMapViewController.m; sourceTree = "<group>"; };
		0B84B31C1993A59C00813CC2 /* UHDBuilding.h */ = {isa = PBXFileReference; fileEncoding = 4; lastKnownFileType = sourcecode.c.h; path = UHDBuilding.h; sourceTree = "<group>"; };
		0B84B31D1993A59C00813CC2 /* UHDBuilding.m */ = {isa = PBXFileReference; fileEncoding = 4; lastKnownFileType = sourcecode.c.objc; path = UHDBuilding.m; sourceTree = "<group>"; };
		0BAB274A19A7296600CAB517 /* UHDLocationCategory.h */ = {isa = PBXFileReference; fileEncoding = 4; lastKnownFileType = sourcecode.c.h; path = UHDLocationCategory.h; sourceTree = "<group>"; };
		0BAB274B19A7296600CAB517 /* UHDLocationCategory.m */ = {isa = PBXFileReference; fileEncoding = 4; lastKnownFileType = sourcecode.c.objc; path = UHDLocationCategory.m; sourceTree = "<group>"; };
		0BB49E1719ADC3F60025BD07 /* UHDCampusRegion.h */ = {isa = PBXFileReference; fileEncoding = 4; lastKnownFileType = sourcecode.c.h; path = UHDCampusRegion.h; sourceTree = "<group>"; };
		0BB49E1819ADC3F60025BD07 /* UHDCampusRegion.m */ = {isa = PBXFileReference; fileEncoding = 4; lastKnownFileType = sourcecode.c.objc; path = UHDCampusRegion.m; sourceTree = "<group>"; };
		0BEC8EAF1993B40A00EAB8F6 /* UHDMapsRemoteDatasourceDelegate.h */ = {isa = PBXFileReference; fileEncoding = 4; lastKnownFileType = sourcecode.c.h; path = UHDMapsRemoteDatasourceDelegate.h; sourceTree = "<group>"; };
		0BEC8EB01993B40A00EAB8F6 /* UHDMapsRemoteDatasourceDelegate.m */ = {isa = PBXFileReference; fileEncoding = 4; lastKnownFileType = sourcecode.c.objc; path = UHDMapsRemoteDatasourceDelegate.m; sourceTree = "<group>"; };
		2200AC222FDAAA1032DCAAD1 /* Pods.debug.xcconfig */ = {isa = PBXFileReference; includeInIndex = 1; lastKnownFileType = text.xcconfig; name = Pods.debug.xcconfig; path = "Pods/Target Support Files/Pods/Pods.debug.xcconfig"; sourceTree = "<group>"; };
		3F757EC4658C40C8B7B4E414 /* libPods.a */ = {isa = PBXFileReference; explicitFileType = archive.ar; includeInIndex = 0; path = libPods.a; sourceTree = BUILT_PRODUCTS_DIR; };
		3FCFBC5934DD37BB61FA6AC5 /* Pods.release.xcconfig */ = {isa = PBXFileReference; includeInIndex = 1; lastKnownFileType = text.xcconfig; name = Pods.release.xcconfig; path = "Pods/Target Support Files/Pods/Pods.release.xcconfig"; sourceTree = "<group>"; };
		8701CE4A190C00A600A18F82 /* UHDRemoteDatasource.h */ = {isa = PBXFileReference; fileEncoding = 4; lastKnownFileType = sourcecode.c.h; path = UHDRemoteDatasource.h; sourceTree = "<group>"; };
		8701CE4B190C00A600A18F82 /* UHDRemoteDatasource.m */ = {isa = PBXFileReference; fileEncoding = 4; lastKnownFileType = sourcecode.c.objc; path = UHDRemoteDatasource.m; sourceTree = "<group>"; };
		8701CE4E190C038600A18F82 /* UHDNewsRemoteDatasourceDelegate.h */ = {isa = PBXFileReference; fileEncoding = 4; lastKnownFileType = sourcecode.c.h; path = UHDNewsRemoteDatasourceDelegate.h; sourceTree = "<group>"; };
		8701CE4F190C038600A18F82 /* UHDNewsRemoteDatasourceDelegate.m */ = {isa = PBXFileReference; fileEncoding = 4; lastKnownFileType = sourcecode.c.objc; path = UHDNewsRemoteDatasourceDelegate.m; sourceTree = "<group>"; };
		870591D919C0DDFA003E2906 /* UIImage+ImageEffects.h */ = {isa = PBXFileReference; fileEncoding = 4; lastKnownFileType = sourcecode.c.h; name = "UIImage+ImageEffects.h"; path = "VIOSFramework/Categories/UIImage+ImageEffects/UIImage+ImageEffects.h"; sourceTree = "<group>"; };
		870591DA19C0DDFA003E2906 /* UIImage+ImageEffects.m */ = {isa = PBXFileReference; fileEncoding = 4; lastKnownFileType = sourcecode.c.objc; name = "UIImage+ImageEffects.m"; path = "VIOSFramework/Categories/UIImage+ImageEffects/UIImage+ImageEffects.m"; sourceTree = "<group>"; };
		870591DD19C10922003E2906 /* VIImageOverlayRenderer.h */ = {isa = PBXFileReference; fileEncoding = 4; lastKnownFileType = sourcecode.c.h; path = VIImageOverlayRenderer.h; sourceTree = "<group>"; };
		870591DE19C10922003E2906 /* VIImageOverlayRenderer.m */ = {isa = PBXFileReference; fileEncoding = 4; lastKnownFileType = sourcecode.c.objc; path = VIImageOverlayRenderer.m; sourceTree = "<group>"; };
		8720978719D232D100269AA6 /* uni-hd-Bridging-Header.h */ = {isa = PBXFileReference; lastKnownFileType = sourcecode.c.h; path = "uni-hd-Bridging-Header.h"; sourceTree = "<group>"; };
		8733B3F119F9FFD6007263AC /* CircularProgressView.swift */ = {isa = PBXFileReference; fileEncoding = 4; lastKnownFileType = sourcecode.swift; path = CircularProgressView.swift; sourceTree = "<group>"; };
		8733B3F519FA110D007263AC /* CircularProgressView+ConfigureForMensa.swift */ = {isa = PBXFileReference; fileEncoding = 4; lastKnownFileType = sourcecode.swift; path = "CircularProgressView+ConfigureForMensa.swift"; sourceTree = "<group>"; };
		8733B3F919FA13BD007263AC /* Hours.swift */ = {isa = PBXFileReference; fileEncoding = 4; lastKnownFileType = sourcecode.swift; path = Hours.swift; sourceTree = "<group>"; };
		8737FF0A193F9EB0007D61C4 /* VIFetchedResultsControllerDataSource.h */ = {isa = PBXFileReference; fileEncoding = 4; lastKnownFileType = sourcecode.c.h; name = VIFetchedResultsControllerDataSource.h; path = "VIOSFramework/Data Sources/VIFetchRequestDataSource/VIFetchedResultsControllerDataSource.h"; sourceTree = "<group>"; };
		8737FF0B193F9EB0007D61C4 /* VIFetchedResultsControllerDataSource.m */ = {isa = PBXFileReference; fileEncoding = 4; lastKnownFileType = sourcecode.c.objc; name = VIFetchedResultsControllerDataSource.m; path = "VIOSFramework/Data Sources/VIFetchRequestDataSource/VIFetchedResultsControllerDataSource.m"; sourceTree = "<group>"; };
		87475EB819E32B230028A9BF /* VILogKit.xcodeproj */ = {isa = PBXFileReference; lastKnownFileType = "wrapper.pb-project"; name = VILogKit.xcodeproj; path = VILogKit/VILogKit.xcodeproj; sourceTree = "<group>"; };
		875396001932B03C00DFEF19 /* UHDNewsSourceCell.h */ = {isa = PBXFileReference; fileEncoding = 4; lastKnownFileType = sourcecode.c.h; path = UHDNewsSourceCell.h; sourceTree = "<group>"; };
		875396011932B03C00DFEF19 /* UHDNewsSourceCell.m */ = {isa = PBXFileReference; fileEncoding = 4; lastKnownFileType = sourcecode.c.objc; path = UHDNewsSourceCell.m; sourceTree = "<group>"; };
		875396061932B11200DFEF19 /* UHDNewsSourceCell+ConfigureForSource.h */ = {isa = PBXFileReference; fileEncoding = 4; lastKnownFileType = sourcecode.c.h; path = "UHDNewsSourceCell+ConfigureForSource.h"; sourceTree = "<group>"; };
		875396071932B11200DFEF19 /* UHDNewsSourceCell+ConfigureForSource.m */ = {isa = PBXFileReference; fileEncoding = 4; lastKnownFileType = sourcecode.c.objc; path = "UHDNewsSourceCell+ConfigureForSource.m"; sourceTree = "<group>"; };
		875F43B61A1BD250006C4112 /* LaunchScreen.storyboard */ = {isa = PBXFileReference; fileEncoding = 4; lastKnownFileType = file.storyboard; path = LaunchScreen.storyboard; sourceTree = "<group>"; };
		87600EA2192139EB00F18C8D /* UHDMensaRemoteDatasourceDelegate.h */ = {isa = PBXFileReference; fileEncoding = 4; lastKnownFileType = sourcecode.c.h; path = UHDMensaRemoteDatasourceDelegate.h; sourceTree = "<group>"; };
		87600EA3192139EB00F18C8D /* UHDMensaRemoteDatasourceDelegate.m */ = {isa = PBXFileReference; fileEncoding = 4; lastKnownFileType = sourcecode.c.objc; path = UHDMensaRemoteDatasourceDelegate.m; sourceTree = "<group>"; };
		877AEE8619BD370300ED270D /* UHDBuildingAnnotationView.h */ = {isa = PBXFileReference; fileEncoding = 4; lastKnownFileType = sourcecode.c.h; path = UHDBuildingAnnotationView.h; sourceTree = "<group>"; };
		877AEE8719BD370300ED270D /* UHDBuildingAnnotationView.m */ = {isa = PBXFileReference; fileEncoding = 4; lastKnownFileType = sourcecode.c.objc; path = UHDBuildingAnnotationView.m; sourceTree = "<group>"; };
		87839F3819D4D70B00E5E6C8 /* MensaDayPickerCell.swift */ = {isa = PBXFileReference; fileEncoding = 4; lastKnownFileType = sourcecode.swift; path = MensaDayPickerCell.swift; sourceTree = "<group>"; };
		87839F3C19D52A3B00E5E6C8 /* MensaDayPicker.swift */ = {isa = PBXFileReference; fileEncoding = 4; lastKnownFileType = sourcecode.swift; path = MensaDayPicker.swift; sourceTree = "<group>"; };
		8799DA95192AB4D9009B3CAB /* uni-hd-tests.xctest */ = {isa = PBXFileReference; explicitFileType = wrapper.cfbundle; includeInIndex = 0; path = "uni-hd-tests.xctest"; sourceTree = BUILT_PRODUCTS_DIR; };
		8799DA9B192AB4D9009B3CAB /* uni-hd-tests-Info.plist */ = {isa = PBXFileReference; lastKnownFileType = text.plist.xml; path = "uni-hd-tests-Info.plist"; sourceTree = "<group>"; };
		8799DA9D192AB4D9009B3CAB /* en */ = {isa = PBXFileReference; lastKnownFileType = text.plist.strings; name = en; path = en.lproj/InfoPlist.strings; sourceTree = "<group>"; };
		8799DA9F192AB4D9009B3CAB /* UHDRemoteTests.m */ = {isa = PBXFileReference; lastKnownFileType = sourcecode.c.objc; path = UHDRemoteTests.m; sourceTree = "<group>"; };
		8799DAA1192AB4D9009B3CAB /* uni-hd-tests-Prefix.pch */ = {isa = PBXFileReference; lastKnownFileType = sourcecode.c.h; path = "uni-hd-tests-Prefix.pch"; sourceTree = "<group>"; };
		8799DAA7192AB4F8009B3CAB /* UHDDatabaseTests.m */ = {isa = PBXFileReference; fileEncoding = 4; lastKnownFileType = sourcecode.c.objc; path = UHDDatabaseTests.m; sourceTree = "<group>"; };
		87A8633619196D10008C106D /* NSManagedObject+VIInsertIntoContextCategory.h */ = {isa = PBXFileReference; fileEncoding = 4; lastKnownFileType = sourcecode.c.h; name = "NSManagedObject+VIInsertIntoContextCategory.h"; path = "VIOSFramework/Categories/NSManagedObject+VIInsertIntoContextCategory/NSManagedObject+VIInsertIntoContextCategory.h"; sourceTree = "<group>"; };
		87A8633719196D10008C106D /* NSManagedObject+VIInsertIntoContextCategory.m */ = {isa = PBXFileReference; fileEncoding = 4; lastKnownFileType = sourcecode.c.objc; name = "NSManagedObject+VIInsertIntoContextCategory.m"; path = "VIOSFramework/Categories/NSManagedObject+VIInsertIntoContextCategory/NSManagedObject+VIInsertIntoContextCategory.m"; sourceTree = "<group>"; };
		87B276CD192E04110057B505 /* UIColor+UHDBrandColor.h */ = {isa = PBXFileReference; fileEncoding = 4; lastKnownFileType = sourcecode.c.h; path = "UIColor+UHDBrandColor.h"; sourceTree = "<group>"; };
		87B276CE192E04110057B505 /* UIColor+UHDBrandColor.m */ = {isa = PBXFileReference; fileEncoding = 4; lastKnownFileType = sourcecode.c.objc; path = "UIColor+UHDBrandColor.m"; sourceTree = "<group>"; };
		87B974E3192D57330080AA40 /* UHDRemoteDatasourceManager.h */ = {isa = PBXFileReference; fileEncoding = 4; lastKnownFileType = sourcecode.c.h; path = UHDRemoteDatasourceManager.h; sourceTree = "<group>"; };
		87B974E4192D57330080AA40 /* UHDRemoteDatasourceManager.m */ = {isa = PBXFileReference; fileEncoding = 4; lastKnownFileType = sourcecode.c.objc; path = UHDRemoteDatasourceManager.m; sourceTree = "<group>"; };
		87B974E6192D5A360080AA40 /* VIManager.h */ = {isa = PBXFileReference; fileEncoding = 4; lastKnownFileType = sourcecode.c.h; name = VIManager.h; path = VIOSFramework/Managers/VIManager.h; sourceTree = "<group>"; };
		87B974E7192D5A360080AA40 /* VIManager.m */ = {isa = PBXFileReference; fileEncoding = 4; lastKnownFileType = sourcecode.c.objc; name = VIManager.m; path = VIOSFramework/Managers/VIManager.m; sourceTree = "<group>"; };
		87CBE0881908810B0029D9AF /* uni-hd.app */ = {isa = PBXFileReference; explicitFileType = wrapper.application; includeInIndex = 0; path = "uni-hd.app"; sourceTree = BUILT_PRODUCTS_DIR; };
		87CBE08B1908810B0029D9AF /* Foundation.framework */ = {isa = PBXFileReference; lastKnownFileType = wrapper.framework; name = Foundation.framework; path = System/Library/Frameworks/Foundation.framework; sourceTree = SDKROOT; };
		87CBE08D1908810B0029D9AF /* CoreGraphics.framework */ = {isa = PBXFileReference; lastKnownFileType = wrapper.framework; name = CoreGraphics.framework; path = System/Library/Frameworks/CoreGraphics.framework; sourceTree = SDKROOT; };
		87CBE08F1908810B0029D9AF /* UIKit.framework */ = {isa = PBXFileReference; lastKnownFileType = wrapper.framework; name = UIKit.framework; path = System/Library/Frameworks/UIKit.framework; sourceTree = SDKROOT; };
		87CBE0931908810B0029D9AF /* uni-hd-Info.plist */ = {isa = PBXFileReference; lastKnownFileType = text.plist.xml; path = "uni-hd-Info.plist"; sourceTree = "<group>"; };
		87CBE0951908810B0029D9AF /* en */ = {isa = PBXFileReference; lastKnownFileType = text.plist.strings; name = en; path = en.lproj/InfoPlist.strings; sourceTree = "<group>"; };
		87CBE0971908810B0029D9AF /* main.m */ = {isa = PBXFileReference; lastKnownFileType = sourcecode.c.objc; path = main.m; sourceTree = "<group>"; };
		87CBE0991908810B0029D9AF /* uni-hd-Prefix.pch */ = {isa = PBXFileReference; lastKnownFileType = sourcecode.c.h; path = "uni-hd-Prefix.pch"; sourceTree = "<group>"; };
		87CBE09A1908810B0029D9AF /* UHDAppDelegate.h */ = {isa = PBXFileReference; lastKnownFileType = sourcecode.c.h; path = UHDAppDelegate.h; sourceTree = "<group>"; };
		87CBE09B1908810B0029D9AF /* UHDAppDelegate.m */ = {isa = PBXFileReference; lastKnownFileType = sourcecode.c.objc; path = UHDAppDelegate.m; sourceTree = "<group>"; };
		87CBE0A91908810B0029D9AF /* Images.xcassets */ = {isa = PBXFileReference; lastKnownFileType = folder.assetcatalog; path = Images.xcassets; sourceTree = "<group>"; };
		87CBE0B01908810B0029D9AF /* XCTest.framework */ = {isa = PBXFileReference; lastKnownFileType = wrapper.framework; name = XCTest.framework; path = Library/Frameworks/XCTest.framework; sourceTree = DEVELOPER_DIR; };
		87DBE7F31919C3F700C16970 /* news.storyboard */ = {isa = PBXFileReference; fileEncoding = 4; lastKnownFileType = file.storyboard; path = news.storyboard; sourceTree = "<group>"; };
		87DC1FA4191AB5C600395559 /* mensa.xcdatamodel */ = {isa = PBXFileReference; lastKnownFileType = wrapper.xcdatamodel; path = mensa.xcdatamodel; sourceTree = "<group>"; };
		87E85273195727E4007503B8 /* maps.storyboard */ = {isa = PBXFileReference; fileEncoding = 4; lastKnownFileType = file.storyboard; path = maps.storyboard; sourceTree = "<group>"; };
		87E85275195728A7007503B8 /* MapKit.framework */ = {isa = PBXFileReference; lastKnownFileType = wrapper.framework; name = MapKit.framework; path = System/Library/Frameworks/MapKit.framework; sourceTree = SDKROOT; };
		87E852781957297A007503B8 /* UHDMapsViewController.h */ = {isa = PBXFileReference; fileEncoding = 4; lastKnownFileType = sourcecode.c.h; path = UHDMapsViewController.h; sourceTree = "<group>"; };
		87E852791957297A007503B8 /* UHDMapsViewController.m */ = {isa = PBXFileReference; fileEncoding = 4; lastKnownFileType = sourcecode.c.objc; path = UHDMapsViewController.m; sourceTree = "<group>"; };
		87E8527B19572BD4007503B8 /* UHDRemoteManagedObject.h */ = {isa = PBXFileReference; fileEncoding = 4; lastKnownFileType = sourcecode.c.h; path = UHDRemoteManagedObject.h; sourceTree = "<group>"; };
		87E8527C19572BD4007503B8 /* UHDRemoteManagedObject.m */ = {isa = PBXFileReference; fileEncoding = 4; lastKnownFileType = sourcecode.c.objc; path = UHDRemoteManagedObject.m; sourceTree = "<group>"; };
		87EE2554191924E20092DF7F /* UHDNewsViewController.h */ = {isa = PBXFileReference; fileEncoding = 4; lastKnownFileType = sourcecode.c.h; path = UHDNewsViewController.h; sourceTree = "<group>"; };
		87EE2555191924E20092DF7F /* UHDNewsViewController.m */ = {isa = PBXFileReference; fileEncoding = 4; lastKnownFileType = sourcecode.c.objc; path = UHDNewsViewController.m; sourceTree = "<group>"; };
		87F2BA4C1954789600034813 /* UHDNewsListViewController.h */ = {isa = PBXFileReference; fileEncoding = 4; lastKnownFileType = sourcecode.c.h; path = UHDNewsListViewController.h; sourceTree = "<group>"; };
		87F2BA4D1954789600034813 /* UHDNewsListViewController.m */ = {isa = PBXFileReference; fileEncoding = 4; lastKnownFileType = sourcecode.c.objc; path = UHDNewsListViewController.m; sourceTree = "<group>"; };
		87F826CC190D41450008144F /* CoreData.framework */ = {isa = PBXFileReference; lastKnownFileType = wrapper.framework; name = CoreData.framework; path = System/Library/Frameworks/CoreData.framework; sourceTree = SDKROOT; };
		87F826CF190D422F0008144F /* news.xcdatamodel */ = {isa = PBXFileReference; lastKnownFileType = wrapper.xcdatamodel; path = news.xcdatamodel; sourceTree = "<group>"; };
		87F826E8190D700E0008144F /* VILogger.h */ = {isa = PBXFileReference; fileEncoding = 4; lastKnownFileType = sourcecode.c.h; path = VILogger.h; sourceTree = "<group>"; };
		87F826E9190D700E0008144F /* VILogger.m */ = {isa = PBXFileReference; fileEncoding = 4; lastKnownFileType = sourcecode.c.objc; path = VILogger.m; sourceTree = "<group>"; };
		87FCA99219958EB100B3A55F /* Maps.xcdatamodel */ = {isa = PBXFileReference; lastKnownFileType = wrapper.xcdatamodel; path = Maps.xcdatamodel; sourceTree = "<group>"; };
		87FCA9941995901200B3A55F /* UHDRemoteManagedLocation.h */ = {isa = PBXFileReference; fileEncoding = 4; lastKnownFileType = sourcecode.c.h; path = UHDRemoteManagedLocation.h; sourceTree = "<group>"; };
		87FCA9951995901200B3A55F /* UHDRemoteManagedLocation.m */ = {isa = PBXFileReference; fileEncoding = 4; lastKnownFileType = sourcecode.c.objc; path = UHDRemoteManagedLocation.m; sourceTree = "<group>"; };
		87FF70F91923F33500FCF5F4 /* UHDNewsItem.h */ = {isa = PBXFileReference; fileEncoding = 4; lastKnownFileType = sourcecode.c.h; path = UHDNewsItem.h; sourceTree = "<group>"; };
		87FF70FA1923F33500FCF5F4 /* UHDNewsItem.m */ = {isa = PBXFileReference; fileEncoding = 4; lastKnownFileType = sourcecode.c.objc; path = UHDNewsItem.m; sourceTree = "<group>"; };
		87FF70FC1924097E00FCF5F4 /* UHDPersistentStack.h */ = {isa = PBXFileReference; fileEncoding = 4; lastKnownFileType = sourcecode.c.h; path = UHDPersistentStack.h; sourceTree = "<group>"; };
		87FF70FD1924097E00FCF5F4 /* UHDPersistentStack.m */ = {isa = PBXFileReference; fileEncoding = 4; lastKnownFileType = sourcecode.c.objc; path = UHDPersistentStack.m; sourceTree = "<group>"; };
		94F484901936620B0063BF9F /* UHDTriangleStatusImageView.h */ = {isa = PBXFileReference; fileEncoding = 4; lastKnownFileType = sourcecode.c.h; path = UHDTriangleStatusImageView.h; sourceTree = "<group>"; };
		94F484911936620B0063BF9F /* UHDTriangleStatusImageView.m */ = {isa = PBXFileReference; fileEncoding = 4; lastKnownFileType = sourcecode.c.objc; path = UHDTriangleStatusImageView.m; sourceTree = "<group>"; };
		DC21B6D51923D27500BAD26D /* UHDDailyMenu.h */ = {isa = PBXFileReference; fileEncoding = 4; lastKnownFileType = sourcecode.c.h; path = UHDDailyMenu.h; sourceTree = "<group>"; };
		DC21B6D61923D27500BAD26D /* UHDDailyMenu.m */ = {isa = PBXFileReference; fileEncoding = 4; lastKnownFileType = sourcecode.c.objc; path = UHDDailyMenu.m; sourceTree = "<group>"; };
		DC21B6D81923D27600BAD26D /* UHDMensaSection.h */ = {isa = PBXFileReference; fileEncoding = 4; lastKnownFileType = sourcecode.c.h; path = UHDMensaSection.h; sourceTree = "<group>"; };
		DC21B6D91923D27600BAD26D /* UHDMensaSection.m */ = {isa = PBXFileReference; fileEncoding = 4; lastKnownFileType = sourcecode.c.objc; path = UHDMensaSection.m; sourceTree = "<group>"; };
		DC21B6DB1923D27600BAD26D /* UHDMeal.h */ = {isa = PBXFileReference; fileEncoding = 4; lastKnownFileType = sourcecode.c.h; path = UHDMeal.h; sourceTree = "<group>"; };
		DC21B6DC1923D27600BAD26D /* UHDMeal.m */ = {isa = PBXFileReference; fileEncoding = 4; lastKnownFileType = sourcecode.c.objc; path = UHDMeal.m; sourceTree = "<group>"; };
		DC21B6DE1923D27600BAD26D /* UHDMensa.h */ = {isa = PBXFileReference; fileEncoding = 4; lastKnownFileType = sourcecode.c.h; path = UHDMensa.h; sourceTree = "<group>"; };
		DC21B6DF1923D27600BAD26D /* UHDMensa.m */ = {isa = PBXFileReference; fileEncoding = 4; lastKnownFileType = sourcecode.c.objc; path = UHDMensa.m; sourceTree = "<group>"; };
		DC21B6E11923FDC300BAD26D /* UHDDailyMenuViewController.h */ = {isa = PBXFileReference; fileEncoding = 4; lastKnownFileType = sourcecode.c.h; path = UHDDailyMenuViewController.h; sourceTree = "<group>"; };
		DC21B6E21923FDC300BAD26D /* UHDDailyMenuViewController.m */ = {isa = PBXFileReference; fileEncoding = 4; lastKnownFileType = sourcecode.c.objc; path = UHDDailyMenuViewController.m; sourceTree = "<group>"; };
		DC33313B19976456009AA35A /* CoreLocation.framework */ = {isa = PBXFileReference; lastKnownFileType = wrapper.framework; name = CoreLocation.framework; path = System/Library/Frameworks/CoreLocation.framework; sourceTree = SDKROOT; };
		DC462EBF196964F50071ABBC /* UHDFavouritesStarView.h */ = {isa = PBXFileReference; fileEncoding = 4; lastKnownFileType = sourcecode.c.h; path = UHDFavouritesStarView.h; sourceTree = "<group>"; };
		DC462EC0196964F60071ABBC /* UHDFavouritesStarView.m */ = {isa = PBXFileReference; fileEncoding = 4; lastKnownFileType = sourcecode.c.objc; path = UHDFavouritesStarView.m; sourceTree = "<group>"; };
		DC5394A819F284D4004F6828 /* FavouriteMensenView.swift */ = {isa = PBXFileReference; fileEncoding = 4; lastKnownFileType = sourcecode.swift; path = FavouriteMensenView.swift; sourceTree = "<group>"; };
		DC602445193E23A500B06BF2 /* UHDMensaViewController.h */ = {isa = PBXFileReference; fileEncoding = 4; lastKnownFileType = sourcecode.c.h; path = UHDMensaViewController.h; sourceTree = "<group>"; };
		DC602446193E23A500B06BF2 /* UHDMensaViewController.m */ = {isa = PBXFileReference; fileEncoding = 4; lastKnownFileType = sourcecode.c.objc; path = UHDMensaViewController.m; sourceTree = "<group>"; };
		DC83C938192BDDA5004CC75B /* UHDMealCell.h */ = {isa = PBXFileReference; fileEncoding = 4; lastKnownFileType = sourcecode.c.h; path = UHDMealCell.h; sourceTree = "<group>"; };
		DC83C939192BDDA5004CC75B /* UHDMealCell.m */ = {isa = PBXFileReference; fileEncoding = 4; lastKnownFileType = sourcecode.c.objc; path = UHDMealCell.m; sourceTree = "<group>"; };
		DC87FDF7191AA00600019F32 /* mensa.storyboard */ = {isa = PBXFileReference; fileEncoding = 4; lastKnownFileType = file.storyboard; path = mensa.storyboard; sourceTree = "<group>"; };
		DC87FDF9191AA12D00019F32 /* UHDMensaListViewController.h */ = {isa = PBXFileReference; fileEncoding = 4; lastKnownFileType = sourcecode.c.h; path = UHDMensaListViewController.h; sourceTree = "<group>"; };
		DC87FDFA191AA12D00019F32 /* UHDMensaListViewController.m */ = {isa = PBXFileReference; fileEncoding = 4; lastKnownFileType = sourcecode.c.objc; path = UHDMensaListViewController.m; sourceTree = "<group>"; };
		DC94C7E5195B20D300615056 /* UHDMensaDetailViewController.h */ = {isa = PBXFileReference; fileEncoding = 4; lastKnownFileType = sourcecode.c.h; path = UHDMensaDetailViewController.h; sourceTree = "<group>"; };
		DC94C7E6195B20D300615056 /* UHDMensaDetailViewController.m */ = {isa = PBXFileReference; fileEncoding = 4; lastKnownFileType = sourcecode.c.objc; path = UHDMensaDetailViewController.m; sourceTree = "<group>"; };
		DCD00A9E1996605400DCCB24 /* UHDFavouriteCell.h */ = {isa = PBXFileReference; fileEncoding = 4; lastKnownFileType = sourcecode.c.h; path = UHDFavouriteCell.h; sourceTree = "<group>"; };
		DCD00A9F1996605400DCCB24 /* UHDFavouriteCell.m */ = {isa = PBXFileReference; fileEncoding = 4; lastKnownFileType = sourcecode.c.objc; path = UHDFavouriteCell.m; sourceTree = "<group>"; };
		DCD00AA21996911900DCCB24 /* UIColor+UHDFavouriteColor.h */ = {isa = PBXFileReference; fileEncoding = 4; lastKnownFileType = sourcecode.c.h; path = "UIColor+UHDFavouriteColor.h"; sourceTree = "<group>"; };
		DCD00AA31996911900DCCB24 /* UIColor+UHDFavouriteColor.m */ = {isa = PBXFileReference; fileEncoding = 4; lastKnownFileType = sourcecode.c.objc; path = "UIColor+UHDFavouriteColor.m"; sourceTree = "<group>"; };
		DCD00AA51996996700DCCB24 /* UHDMensaCell.h */ = {isa = PBXFileReference; fileEncoding = 4; lastKnownFileType = sourcecode.c.h; path = UHDMensaCell.h; sourceTree = "<group>"; };
		DCD00AA61996996800DCCB24 /* UHDMensaCell.m */ = {isa = PBXFileReference; fileEncoding = 4; lastKnownFileType = sourcecode.c.objc; path = UHDMensaCell.m; sourceTree = "<group>"; };
/* End PBXFileReference section */

/* Begin PBXFrameworksBuildPhase section */
		8799DA92192AB4D9009B3CAB /* Frameworks */ = {
			isa = PBXFrameworksBuildPhase;
			buildActionMask = 2147483647;
			files = (
				8799DA96192AB4D9009B3CAB /* XCTest.framework in Frameworks */,
				8799DA98192AB4D9009B3CAB /* UIKit.framework in Frameworks */,
				8799DA97192AB4D9009B3CAB /* Foundation.framework in Frameworks */,
				C8A2747198674D11925252D8 /* libPods.a in Frameworks */,
			);
			runOnlyForDeploymentPostprocessing = 0;
		};
		87CBE0851908810B0029D9AF /* Frameworks */ = {
			isa = PBXFrameworksBuildPhase;
			buildActionMask = 2147483647;
			files = (
				DC33313C19976456009AA35A /* CoreLocation.framework in Frameworks */,
				87E85276195728A7007503B8 /* MapKit.framework in Frameworks */,
				87F826CD190D41450008144F /* CoreData.framework in Frameworks */,
				87CBE08E1908810B0029D9AF /* CoreGraphics.framework in Frameworks */,
				87CBE0901908810B0029D9AF /* UIKit.framework in Frameworks */,
				87CBE08C1908810B0029D9AF /* Foundation.framework in Frameworks */,
				6F293EE8DA534A74838601AE /* libPods.a in Frameworks */,
				87475EC119E32B300028A9BF /* VILogKit.framework in Frameworks */,
			);
			runOnlyForDeploymentPostprocessing = 0;
		};
/* End PBXFrameworksBuildPhase section */

/* Begin PBXGroup section */
		0AF7D4371A0C43D800BD8423 /* Sources Navigation Bar */ = {
			isa = PBXGroup;
			children = (
				0A5EFF301A0ECB3700A6C999 /* UHDNewsSourcesNavigationBar.h */,
				0A5EFF311A0ECB3700A6C999 /* UHDNewsSourcesNavigationBar.m */,
				0AF7D4391A0C440400BD8423 /* UHDSourceCollectionViewCell.h */,
				0AF7D43A1A0C440400BD8423 /* UHDSourceCollectionViewCell.m */,
			);
			name = "Sources Navigation Bar";
			sourceTree = "<group>";
		};
		0B13624919B4AEF3000ECC3A /* Building Detail */ = {
			isa = PBXGroup;
			children = (
				0B13624A19B4AF22000ECC3A /* UHDBuildingDetailViewController.h */,
				0B13624B19B4AF22000ECC3A /* UHDBuildingDetailViewController.m */,
			);
			name = "Building Detail";
			sourceTree = "<group>";
		};
		0B355875199BC3D1008053EE /* Search */ = {
			isa = PBXGroup;
			children = (
				0B355876199BC434008053EE /* UHDMapsSearchTableViewController.h */,
				0B355877199BC434008053EE /* UHDMapsSearchTableViewController.m */,
				0B35587F199BCC02008053EE /* UHDMapsSearchCell+ConfigureForItem.h */,
				0B355880199BCC02008053EE /* UHDMapsSearchCell+ConfigureForItem.m */,
			);
			name = Search;
			sourceTree = "<group>";
		};
		0B48B1CA19C75BA4009C7977 /* Configure Map */ = {
			isa = PBXGroup;
			children = (
				0B48B1CE19C75FF7009C7977 /* UHDConfigureMapViewController.h */,
				0B48B1CF19C75FF7009C7977 /* UHDConfigureMapViewController.m */,
			);
			name = "Configure Map";
			sourceTree = "<group>";
		};
		0B84B30619939B8300813CC2 /* Maps */ = {
			isa = PBXGroup;
			children = (
				87FCA99119958EB100B3A55F /* Maps.xcdatamodeld */,
				87FCA9941995901200B3A55F /* UHDRemoteManagedLocation.h */,
				87FCA9951995901200B3A55F /* UHDRemoteManagedLocation.m */,
				0BB49E1719ADC3F60025BD07 /* UHDCampusRegion.h */,
				0BB49E1819ADC3F60025BD07 /* UHDCampusRegion.m */,
				0B84B31C1993A59C00813CC2 /* UHDBuilding.h */,
				0B84B31D1993A59C00813CC2 /* UHDBuilding.m */,
				0BAB274A19A7296600CAB517 /* UHDLocationCategory.h */,
				0BAB274B19A7296600CAB517 /* UHDLocationCategory.m */,
			);
			name = Maps;
			sourceTree = "<group>";
		};
		0B92851A18BB90357BD92164 /* Pods */ = {
			isa = PBXGroup;
			children = (
				2200AC222FDAAA1032DCAAD1 /* Pods.debug.xcconfig */,
				3FCFBC5934DD37BB61FA6AC5 /* Pods.release.xcconfig */,
			);
			name = Pods;
			sourceTree = "<group>";
		};
		8701CE4D190C00AF00A18F82 /* Data Persistence */ = {
			isa = PBXGroup;
			children = (
				87FF70FC1924097E00FCF5F4 /* UHDPersistentStack.h */,
				87FF70FD1924097E00FCF5F4 /* UHDPersistentStack.m */,
			);
			name = "Data Persistence";
			sourceTree = "<group>";
		};
		870591DC19C10922003E2906 /* VIImageOverlayRenderer */ = {
			isa = PBXGroup;
			children = (
				870591DD19C10922003E2906 /* VIImageOverlayRenderer.h */,
				870591DE19C10922003E2906 /* VIImageOverlayRenderer.m */,
			);
			name = VIImageOverlayRenderer;
			path = VIOSFramework/Views/VIImageOverlayRenderer;
			sourceTree = "<group>";
		};
		871BE3AA19E4F295005A600A /* Table View Cells */ = {
			isa = PBXGroup;
			children = (
				875396001932B03C00DFEF19 /* UHDNewsSourceCell.h */,
				875396011932B03C00DFEF19 /* UHDNewsSourceCell.m */,
				0AD7F3701923F58E00F49551 /* UHDNewsItemCell.h */,
				0AD7F3711923F58E00F49551 /* UHDNewsItemCell.m */,
				0A7FACF8196B13DB00E2CC9D /* UHDEventItemCell.h */,
				0A7FACF9196B13DB00E2CC9D /* UHDEventItemCell.m */,
				0A7FACFE196B17B000E2CC9D /* UHDTalkItemCell.h */,
				0A7FACFF196B17B000E2CC9D /* UHDTalkItemCell.m */,
				0A0CEC0B19E44F55009C9F5B /* UHDReadIndicatorView.h */,
				0A0CEC0C19E44F55009C9F5B /* UHDReadIndicatorView.m */,
			);
			name = "Table View Cells";
			sourceTree = "<group>";
		};
		8733B3F019F9FFD6007263AC /* CircularProgressView */ = {
			isa = PBXGroup;
			children = (
				8733B3F119F9FFD6007263AC /* CircularProgressView.swift */,
			);
			name = CircularProgressView;
			path = VIOSFramework/Views/CircularProgressView;
			sourceTree = "<group>";
		};
		8733B3F419FA10F6007263AC /* Day Picker */ = {
			isa = PBXGroup;
			children = (
				87839F3C19D52A3B00E5E6C8 /* MensaDayPicker.swift */,
				87839F3819D4D70B00E5E6C8 /* MensaDayPickerCell.swift */,
			);
			name = "Day Picker";
			sourceTree = "<group>";
		};
		8733B3F719FA1114007263AC /* Hours Progress */ = {
			isa = PBXGroup;
			children = (
				8733B3F519FA110D007263AC /* CircularProgressView+ConfigureForMensa.swift */,
			);
			name = "Hours Progress";
			sourceTree = "<group>";
		};
		8733B3F819FA116A007263AC /* Favourite Mensen */ = {
			isa = PBXGroup;
			children = (
				DC5394A819F284D4004F6828 /* FavouriteMensenView.swift */,
			);
			name = "Favourite Mensen";
			sourceTree = "<group>";
		};
		8737FF0D193F9EB5007D61C4 /* VIFetchedResultsControllerDataSource */ = {
			isa = PBXGroup;
			children = (
				8737FF0A193F9EB0007D61C4 /* VIFetchedResultsControllerDataSource.h */,
				8737FF0B193F9EB0007D61C4 /* VIFetchedResultsControllerDataSource.m */,
			);
			name = VIFetchedResultsControllerDataSource;
			sourceTree = "<group>";
		};
		87475EB919E32B230028A9BF /* Products */ = {
			isa = PBXGroup;
			children = (
				87475EBE19E32B240028A9BF /* VILogKit.framework */,
				87475EC019E32B240028A9BF /* VILogKitTests.xctest */,
			);
			name = Products;
			sourceTree = "<group>";
		};
		875395FD1932B00400DFEF19 /* News List */ = {
			isa = PBXGroup;
			children = (
				87EE2554191924E20092DF7F /* UHDNewsViewController.h */,
				87EE2555191924E20092DF7F /* UHDNewsViewController.m */,
				87F2BA4C1954789600034813 /* UHDNewsListViewController.h */,
				87F2BA4D1954789600034813 /* UHDNewsListViewController.m */,
			);
			name = "News List";
			sourceTree = "<group>";
		};
		875395FE1932B00F00DFEF19 /* News Detail */ = {
			isa = PBXGroup;
			children = (
				0A2000501920F18A0014C977 /* UHDNewsDetailViewController.h */,
				0A2000511920F18A0014C977 /* UHDNewsDetailViewController.m */,
			);
			name = "News Detail";
			sourceTree = "<group>";
		};
		875395FF1932B01700DFEF19 /* News Sources */ = {
			isa = PBXGroup;
			children = (
				0B176E6C1931114200D3C916 /* UHDNewsSourcesViewController.h */,
				0B176E6D1931114200D3C916 /* UHDNewsSourcesViewController.m */,
				875396061932B11200DFEF19 /* UHDNewsSourceCell+ConfigureForSource.h */,
				875396071932B11200DFEF19 /* UHDNewsSourceCell+ConfigureForSource.m */,
			);
			name = "News Sources";
			sourceTree = "<group>";
		};
		8799DA8D192AB1DB009B3CAB /* News */ = {
			isa = PBXGroup;
			children = (
				87DBE7F31919C3F700C16970 /* news.storyboard */,
				0AF7D4371A0C43D800BD8423 /* Sources Navigation Bar */,
				871BE3AA19E4F295005A600A /* Table View Cells */,
			);
			name = News;
			sourceTree = "<group>";
		};
		8799DA8E192AB1E8009B3CAB /* Mensa */ = {
			isa = PBXGroup;
			children = (
				DC87FDF7191AA00600019F32 /* mensa.storyboard */,
				87EBB04719D22D9B00F5E3AD /* Table View Cells */,
				8733B3F819FA116A007263AC /* Favourite Mensen */,
				8733B3F419FA10F6007263AC /* Day Picker */,
				8733B3F719FA1114007263AC /* Hours Progress */,
			);
			name = Mensa;
			sourceTree = "<group>";
		};
		8799DA99192AB4D9009B3CAB /* uni-hd-tests */ = {
			isa = PBXGroup;
			children = (
				8799DAA7192AB4F8009B3CAB /* UHDDatabaseTests.m */,
				8799DA9F192AB4D9009B3CAB /* UHDRemoteTests.m */,
				8799DA9A192AB4D9009B3CAB /* Supporting Files */,
			);
			path = "uni-hd-tests";
			sourceTree = "<group>";
		};
		8799DA9A192AB4D9009B3CAB /* Supporting Files */ = {
			isa = PBXGroup;
			children = (
				8799DA9B192AB4D9009B3CAB /* uni-hd-tests-Info.plist */,
				8799DA9C192AB4D9009B3CAB /* InfoPlist.strings */,
				8799DAA1192AB4D9009B3CAB /* uni-hd-tests-Prefix.pch */,
			);
			name = "Supporting Files";
			sourceTree = "<group>";
		};
		87B276CC192E03E90057B505 /* Global */ = {
			isa = PBXGroup;
			children = (
				87B276CD192E04110057B505 /* UIColor+UHDBrandColor.h */,
				87B276CE192E04110057B505 /* UIColor+UHDBrandColor.m */,
				DCD00AA21996911900DCCB24 /* UIColor+UHDFavouriteColor.h */,
				DCD00AA31996911900DCCB24 /* UIColor+UHDFavouriteColor.m */,
			);
			name = Global;
			sourceTree = "<group>";
		};
		87B974E9192D5A3F0080AA40 /* VIManager */ = {
			isa = PBXGroup;
			children = (
				87B974E6192D5A360080AA40 /* VIManager.h */,
				87B974E7192D5A360080AA40 /* VIManager.m */,
			);
			name = VIManager;
			sourceTree = "<group>";
		};
		87B974EA192D68C30080AA40 /* Remote Datasources */ = {
			isa = PBXGroup;
			children = (
				87B974E3192D57330080AA40 /* UHDRemoteDatasourceManager.h */,
				87B974E4192D57330080AA40 /* UHDRemoteDatasourceManager.m */,
				8701CE4A190C00A600A18F82 /* UHDRemoteDatasource.h */,
				8701CE4B190C00A600A18F82 /* UHDRemoteDatasource.m */,
				8701CE4E190C038600A18F82 /* UHDNewsRemoteDatasourceDelegate.h */,
				8701CE4F190C038600A18F82 /* UHDNewsRemoteDatasourceDelegate.m */,
				87600EA2192139EB00F18C8D /* UHDMensaRemoteDatasourceDelegate.h */,
				87600EA3192139EB00F18C8D /* UHDMensaRemoteDatasourceDelegate.m */,
				0BEC8EAF1993B40A00EAB8F6 /* UHDMapsRemoteDatasourceDelegate.h */,
				0BEC8EB01993B40A00EAB8F6 /* UHDMapsRemoteDatasourceDelegate.m */,
				87E8527B19572BD4007503B8 /* UHDRemoteManagedObject.h */,
				87E8527C19572BD4007503B8 /* UHDRemoteManagedObject.m */,
			);
			name = "Remote Datasources";
			sourceTree = "<group>";
		};
		87CBE07F1908810B0029D9AF = {
			isa = PBXGroup;
			children = (
				87CBE0911908810B0029D9AF /* uni-hd */,
				8799DA99192AB4D9009B3CAB /* uni-hd-tests */,
				87CBE08A1908810B0029D9AF /* Frameworks */,
				87CBE0891908810B0029D9AF /* Products */,
				0B92851A18BB90357BD92164 /* Pods */,
			);
			sourceTree = "<group>";
		};
		87CBE0891908810B0029D9AF /* Products */ = {
			isa = PBXGroup;
			children = (
				87CBE0881908810B0029D9AF /* uni-hd.app */,
				8799DA95192AB4D9009B3CAB /* uni-hd-tests.xctest */,
			);
			name = Products;
			sourceTree = "<group>";
		};
		87CBE08A1908810B0029D9AF /* Frameworks */ = {
			isa = PBXGroup;
			children = (
				DC33313B19976456009AA35A /* CoreLocation.framework */,
				87E85275195728A7007503B8 /* MapKit.framework */,
				87F826CC190D41450008144F /* CoreData.framework */,
				87CBE08B1908810B0029D9AF /* Foundation.framework */,
				87CBE08D1908810B0029D9AF /* CoreGraphics.framework */,
				87CBE08F1908810B0029D9AF /* UIKit.framework */,
				87CBE0B01908810B0029D9AF /* XCTest.framework */,
				3F757EC4658C40C8B7B4E414 /* libPods.a */,
				87F826EC190D70220008144F /* VIOSFramework (Objective-C) */,
				87475EB819E32B230028A9BF /* VILogKit.xcodeproj */,
			);
			name = Frameworks;
			sourceTree = "<group>";
		};
		87CBE0911908810B0029D9AF /* uni-hd */ = {
			isa = PBXGroup;
			children = (
				87CBE09A1908810B0029D9AF /* UHDAppDelegate.h */,
				87CBE09B1908810B0029D9AF /* UHDAppDelegate.m */,
				87EE2557191924E90092DF7F /* View Controller */,
				87DBE7F51919C40100C16970 /* View */,
				87F826CB190D40B40008144F /* Model */,
				87CBE0A91908810B0029D9AF /* Images.xcassets */,
				87CBE0921908810B0029D9AF /* Supporting Files */,
			);
			path = "uni-hd";
			sourceTree = "<group>";
		};
		87CBE0921908810B0029D9AF /* Supporting Files */ = {
			isa = PBXGroup;
			children = (
				87CBE0931908810B0029D9AF /* uni-hd-Info.plist */,
				87CBE0941908810B0029D9AF /* InfoPlist.strings */,
				87CBE0971908810B0029D9AF /* main.m */,
				87CBE0991908810B0029D9AF /* uni-hd-Prefix.pch */,
				8720978719D232D100269AA6 /* uni-hd-Bridging-Header.h */,
			);
			name = "Supporting Files";
			sourceTree = "<group>";
		};
		87DBE7F51919C40100C16970 /* View */ = {
			isa = PBXGroup;
			children = (
				8799DA8E192AB1E8009B3CAB /* Mensa */,
				8799DA8D192AB1DB009B3CAB /* News */,
				87E85272195727D4007503B8 /* Maps */,
				87B276CC192E03E90057B505 /* Global */,
				875F43B61A1BD250006C4112 /* LaunchScreen.storyboard */,
			);
			name = View;
			sourceTree = "<group>";
		};
		87E85272195727D4007503B8 /* Maps */ = {
			isa = PBXGroup;
			children = (
				87E85273195727E4007503B8 /* maps.storyboard */,
				0B355879199BC923008053EE /* UHDMapsSearchCell.h */,
				0B35587A199BC923008053EE /* UHDMapsSearchCell.m */,
				877AEE8619BD370300ED270D /* UHDBuildingAnnotationView.h */,
				877AEE8719BD370300ED270D /* UHDBuildingAnnotationView.m */,
			);
			name = Maps;
			sourceTree = "<group>";
		};
		87E852771957295B007503B8 /* Maps */ = {
			isa = PBXGroup;
			children = (
				87FCA990199578C200B3A55F /* Map View */,
				0B48B1CA19C75BA4009C7977 /* Configure Map */,
				0B13624919B4AEF3000ECC3A /* Building Detail */,
				0B355875199BC3D1008053EE /* Search */,
			);
			name = Maps;
			sourceTree = "<group>";
		};
		87EBB04319D1E1E000F5E3AD /* Mensa View */ = {
			isa = PBXGroup;
			children = (
				DC602445193E23A500B06BF2 /* UHDMensaViewController.h */,
				DC602446193E23A500B06BF2 /* UHDMensaViewController.m */,
			);
			name = "Mensa View";
			sourceTree = "<group>";
		};
		87EBB04419D1E1E800F5E3AD /* Mensa Detail */ = {
			isa = PBXGroup;
			children = (
				DC94C7E5195B20D300615056 /* UHDMensaDetailViewController.h */,
				DC94C7E6195B20D300615056 /* UHDMensaDetailViewController.m */,
			);
			name = "Mensa Detail";
			sourceTree = "<group>";
		};
		87EBB04519D1E1F100F5E3AD /* Daily Menu */ = {
			isa = PBXGroup;
			children = (
				DC21B6E11923FDC300BAD26D /* UHDDailyMenuViewController.h */,
				DC21B6E21923FDC300BAD26D /* UHDDailyMenuViewController.m */,
			);
			name = "Daily Menu";
			sourceTree = "<group>";
		};
		87EBB04619D1E1F900F5E3AD /* Mensa List */ = {
			isa = PBXGroup;
			children = (
				DC87FDF9191AA12D00019F32 /* UHDMensaListViewController.h */,
				DC87FDFA191AA12D00019F32 /* UHDMensaListViewController.m */,
			);
			name = "Mensa List";
			sourceTree = "<group>";
		};
		87EBB04719D22D9B00F5E3AD /* Table View Cells */ = {
			isa = PBXGroup;
			children = (
				DCD00A9E1996605400DCCB24 /* UHDFavouriteCell.h */,
				DCD00A9F1996605400DCCB24 /* UHDFavouriteCell.m */,
				DC462EBF196964F50071ABBC /* UHDFavouritesStarView.h */,
				DC462EC0196964F60071ABBC /* UHDFavouritesStarView.m */,
				94F484901936620B0063BF9F /* UHDTriangleStatusImageView.h */,
				94F484911936620B0063BF9F /* UHDTriangleStatusImageView.m */,
				DC83C938192BDDA5004CC75B /* UHDMealCell.h */,
				DC83C939192BDDA5004CC75B /* UHDMealCell.m */,
				DCD00AA51996996700DCCB24 /* UHDMensaCell.h */,
				DCD00AA61996996800DCCB24 /* UHDMensaCell.m */,
			);
			name = "Table View Cells";
			sourceTree = "<group>";
		};
		87EE2557191924E90092DF7F /* View Controller */ = {
			isa = PBXGroup;
			children = (
				87FF70F71923EFD600FCF5F4 /* Mensa */,
				87FF70F81923EFE500FCF5F4 /* News */,
				87E852771957295B007503B8 /* Maps */,
			);
			name = "View Controller";
			sourceTree = "<group>";
		};
		87EE255F1919439B0092DF7F /* Categories */ = {
			isa = PBXGroup;
			children = (
				870591D919C0DDFA003E2906 /* UIImage+ImageEffects.h */,
				870591DA19C0DDFA003E2906 /* UIImage+ImageEffects.m */,
				87A8633619196D10008C106D /* NSManagedObject+VIInsertIntoContextCategory.h */,
				87A8633719196D10008C106D /* NSManagedObject+VIInsertIntoContextCategory.m */,
			);
			name = Categories;
			sourceTree = "<group>";
		};
		87F826CB190D40B40008144F /* Model */ = {
			isa = PBXGroup;
			children = (
				8701CE4D190C00AF00A18F82 /* Data Persistence */,
				87B974EA192D68C30080AA40 /* Remote Datasources */,
				DC21B6A41923CDA800BAD26D /* News */,
				DC21B6A31923CC8700BAD26D /* Mensa */,
				0B84B30619939B8300813CC2 /* Maps */,
			);
			name = Model;
			sourceTree = "<group>";
		};
		87F826E7190D700E0008144F /* VILogger */ = {
			isa = PBXGroup;
			children = (
				87F826E8190D700E0008144F /* VILogger.h */,
				87F826E9190D700E0008144F /* VILogger.m */,
			);
			name = VILogger;
			path = VIOSFramework/VILogger;
			sourceTree = "<group>";
		};
		87F826EC190D70220008144F /* VIOSFramework (Objective-C) */ = {
			isa = PBXGroup;
			children = (
				8733B3F019F9FFD6007263AC /* CircularProgressView */,
				87B974E9192D5A3F0080AA40 /* VIManager */,
				87EE255F1919439B0092DF7F /* Categories */,
				87F826E7190D700E0008144F /* VILogger */,
				8737FF0D193F9EB5007D61C4 /* VIFetchedResultsControllerDataSource */,
				870591DC19C10922003E2906 /* VIImageOverlayRenderer */,
			);
			name = "VIOSFramework (Objective-C)";
			sourceTree = "<group>";
		};
		87FCA990199578C200B3A55F /* Map View */ = {
			isa = PBXGroup;
			children = (
				87E852781957297A007503B8 /* UHDMapsViewController.h */,
				87E852791957297A007503B8 /* UHDMapsViewController.m */,
			);
			name = "Map View";
			sourceTree = "<group>";
		};
		87FF70F71923EFD600FCF5F4 /* Mensa */ = {
			isa = PBXGroup;
			children = (
				87EBB04319D1E1E000F5E3AD /* Mensa View */,
				87EBB04419D1E1E800F5E3AD /* Mensa Detail */,
				87EBB04519D1E1F100F5E3AD /* Daily Menu */,
				87EBB04619D1E1F900F5E3AD /* Mensa List */,
			);
			name = Mensa;
			sourceTree = "<group>";
		};
		87FF70F81923EFE500FCF5F4 /* News */ = {
			isa = PBXGroup;
			children = (
				875395FD1932B00400DFEF19 /* News List */,
				875395FE1932B00F00DFEF19 /* News Detail */,
				875395FF1932B01700DFEF19 /* News Sources */,
			);
			name = News;
			sourceTree = "<group>";
		};
		DC21B6A31923CC8700BAD26D /* Mensa */ = {
			isa = PBXGroup;
			children = (
				87DC1FA3191AB5C600395559 /* mensa.xcdatamodeld */,
				DC21B6DE1923D27600BAD26D /* UHDMensa.h */,
				DC21B6DF1923D27600BAD26D /* UHDMensa.m */,
				DC21B6D81923D27600BAD26D /* UHDMensaSection.h */,
				DC21B6D91923D27600BAD26D /* UHDMensaSection.m */,
				DC21B6D51923D27500BAD26D /* UHDDailyMenu.h */,
				DC21B6D61923D27500BAD26D /* UHDDailyMenu.m */,
				DC21B6DB1923D27600BAD26D /* UHDMeal.h */,
				DC21B6DC1923D27600BAD26D /* UHDMeal.m */,
				8733B3F919FA13BD007263AC /* Hours.swift */,
			);
			name = Mensa;
			sourceTree = "<group>";
		};
		DC21B6A41923CDA800BAD26D /* News */ = {
			isa = PBXGroup;
			children = (
				87F826CE190D422F0008144F /* news.xcdatamodeld */,
				0A586D8C19646A6600DF86EE /* UHDTalkSpeaker.h */,
				0A586D8D19646A6600DF86EE /* UHDTalkSpeaker.m */,
				0ACE47B619619F07004F84F9 /* UHDTalkItem.h */,
				0ACE47B719619F07004F84F9 /* UHDTalkItem.m */,
				0ACE47B319619BB9004F84F9 /* UHDEventItem.h */,
				0ACE47B419619BB9004F84F9 /* UHDEventItem.m */,
				87FF70F91923F33500FCF5F4 /* UHDNewsItem.h */,
				87FF70FA1923F33500FCF5F4 /* UHDNewsItem.m */,
				0AE2786A192A39CB00ED1641 /* UHDNewsSource.h */,
				0AE2786B192A39CB00ED1641 /* UHDNewsSource.m */,
				0B176E781931117700D3C916 /* UHDNewsCategory.h */,
				0B176E791931117700D3C916 /* UHDNewsCategory.m */,
			);
			name = News;
			sourceTree = "<group>";
		};
/* End PBXGroup section */

/* Begin PBXNativeTarget section */
		8799DA94192AB4D9009B3CAB /* uni-hd-tests */ = {
			isa = PBXNativeTarget;
			buildConfigurationList = 8799DAA4192AB4D9009B3CAB /* Build configuration list for PBXNativeTarget "uni-hd-tests" */;
			buildPhases = (
				99DE2BB49BA4484A90E3B371 /* Check Pods Manifest.lock */,
				8799DA91192AB4D9009B3CAB /* Sources */,
				8799DA92192AB4D9009B3CAB /* Frameworks */,
				8799DA93192AB4D9009B3CAB /* Resources */,
				B23B7A2C4E0844A3B3000ED5 /* Copy Pods Resources */,
			);
			buildRules = (
			);
			dependencies = (
				8799DAA3192AB4D9009B3CAB /* PBXTargetDependency */,
			);
			name = "uni-hd-tests";
			productName = "uni-hd-tests";
			productReference = 8799DA95192AB4D9009B3CAB /* uni-hd-tests.xctest */;
			productType = "com.apple.product-type.bundle.unit-test";
		};
		87CBE0871908810B0029D9AF /* uni-hd */ = {
			isa = PBXNativeTarget;
			buildConfigurationList = 87CBE0C01908810B0029D9AF /* Build configuration list for PBXNativeTarget "uni-hd" */;
			buildPhases = (
				19F51C0B21A64273AE2B5B2D /* Check Pods Manifest.lock */,
				87CBE0841908810B0029D9AF /* Sources */,
				87CBE0851908810B0029D9AF /* Frameworks */,
				87CBE0861908810B0029D9AF /* Resources */,
				41B63B46B90D4A2C87CA4844 /* Copy Pods Resources */,
				8734357E19DB6C68005ED0E8 /* Embed Frameworks */,
			);
			buildRules = (
			);
			dependencies = (
				87475EC419E32B300028A9BF /* PBXTargetDependency */,
			);
			name = "uni-hd";
			productName = "uni-hd";
			productReference = 87CBE0881908810B0029D9AF /* uni-hd.app */;
			productType = "com.apple.product-type.application";
		};
/* End PBXNativeTarget section */

/* Begin PBXProject section */
		87CBE0801908810B0029D9AF /* Project object */ = {
			isa = PBXProject;
			attributes = {
				CLASSPREFIX = UHD;
				LastUpgradeCheck = 0510;
				ORGANIZATIONNAME = "Universität Heidelberg";
				TargetAttributes = {
					8799DA94192AB4D9009B3CAB = {
						TestTargetID = 87CBE0871908810B0029D9AF;
					};
					87CBE0871908810B0029D9AF = {
						DevelopmentTeam = SZEDS83NVF;
					};
				};
			};
			buildConfigurationList = 87CBE0831908810B0029D9AF /* Build configuration list for PBXProject "uni-hd" */;
			compatibilityVersion = "Xcode 3.2";
			developmentRegion = English;
			hasScannedForEncodings = 0;
			knownRegions = (
				en,
				Base,
			);
			mainGroup = 87CBE07F1908810B0029D9AF;
			productRefGroup = 87CBE0891908810B0029D9AF /* Products */;
			projectDirPath = "";
			projectReferences = (
				{
					ProductGroup = 87475EB919E32B230028A9BF /* Products */;
					ProjectRef = 87475EB819E32B230028A9BF /* VILogKit.xcodeproj */;
				},
			);
			projectRoot = "";
			targets = (
				87CBE0871908810B0029D9AF /* uni-hd */,
				8799DA94192AB4D9009B3CAB /* uni-hd-tests */,
			);
		};
/* End PBXProject section */

/* Begin PBXReferenceProxy section */
		87475EBE19E32B240028A9BF /* VILogKit.framework */ = {
			isa = PBXReferenceProxy;
			fileType = wrapper.framework;
			path = VILogKit.framework;
			remoteRef = 87475EBD19E32B240028A9BF /* PBXContainerItemProxy */;
			sourceTree = BUILT_PRODUCTS_DIR;
		};
		87475EC019E32B240028A9BF /* VILogKitTests.xctest */ = {
			isa = PBXReferenceProxy;
			fileType = wrapper.cfbundle;
			path = VILogKitTests.xctest;
			remoteRef = 87475EBF19E32B240028A9BF /* PBXContainerItemProxy */;
			sourceTree = BUILT_PRODUCTS_DIR;
		};
/* End PBXReferenceProxy section */

/* Begin PBXResourcesBuildPhase section */
		8799DA93192AB4D9009B3CAB /* Resources */ = {
			isa = PBXResourcesBuildPhase;
			buildActionMask = 2147483647;
			files = (
				8799DA9E192AB4D9009B3CAB /* InfoPlist.strings in Resources */,
			);
			runOnlyForDeploymentPostprocessing = 0;
		};
		87CBE0861908810B0029D9AF /* Resources */ = {
			isa = PBXResourcesBuildPhase;
			buildActionMask = 2147483647;
			files = (
				87CBE0AA1908810B0029D9AF /* Images.xcassets in Resources */,
				87CBE0961908810B0029D9AF /* InfoPlist.strings in Resources */,
				87DBE7F41919C3F700C16970 /* news.storyboard in Resources */,
				875F43B71A1BD250006C4112 /* LaunchScreen.storyboard in Resources */,
				DC87FDF8191AA00600019F32 /* mensa.storyboard in Resources */,
				87E85274195727E4007503B8 /* maps.storyboard in Resources */,
			);
			runOnlyForDeploymentPostprocessing = 0;
		};
/* End PBXResourcesBuildPhase section */

/* Begin PBXShellScriptBuildPhase section */
		19F51C0B21A64273AE2B5B2D /* Check Pods Manifest.lock */ = {
			isa = PBXShellScriptBuildPhase;
			buildActionMask = 2147483647;
			files = (
			);
			inputPaths = (
			);
			name = "Check Pods Manifest.lock";
			outputPaths = (
			);
			runOnlyForDeploymentPostprocessing = 0;
			shellPath = /bin/sh;
			shellScript = "diff \"${PODS_ROOT}/../Podfile.lock\" \"${PODS_ROOT}/Manifest.lock\" > /dev/null\nif [[ $? != 0 ]] ; then\n    cat << EOM\nerror: The sandbox is not in sync with the Podfile.lock. Run 'pod install' or update your CocoaPods installation.\nEOM\n    exit 1\nfi\n";
			showEnvVarsInLog = 0;
		};
		41B63B46B90D4A2C87CA4844 /* Copy Pods Resources */ = {
			isa = PBXShellScriptBuildPhase;
			buildActionMask = 2147483647;
			files = (
			);
			inputPaths = (
			);
			name = "Copy Pods Resources";
			outputPaths = (
			);
			runOnlyForDeploymentPostprocessing = 0;
			shellPath = /bin/sh;
			shellScript = "\"${SRCROOT}/Pods/Target Support Files/Pods/Pods-resources.sh\"\n";
			showEnvVarsInLog = 0;
		};
		99DE2BB49BA4484A90E3B371 /* Check Pods Manifest.lock */ = {
			isa = PBXShellScriptBuildPhase;
			buildActionMask = 2147483647;
			files = (
			);
			inputPaths = (
			);
			name = "Check Pods Manifest.lock";
			outputPaths = (
			);
			runOnlyForDeploymentPostprocessing = 0;
			shellPath = /bin/sh;
			shellScript = "diff \"${PODS_ROOT}/../Podfile.lock\" \"${PODS_ROOT}/Manifest.lock\" > /dev/null\nif [[ $? != 0 ]] ; then\n    cat << EOM\nerror: The sandbox is not in sync with the Podfile.lock. Run 'pod install' or update your CocoaPods installation.\nEOM\n    exit 1\nfi\n";
			showEnvVarsInLog = 0;
		};
		B23B7A2C4E0844A3B3000ED5 /* Copy Pods Resources */ = {
			isa = PBXShellScriptBuildPhase;
			buildActionMask = 2147483647;
			files = (
			);
			inputPaths = (
			);
			name = "Copy Pods Resources";
			outputPaths = (
			);
			runOnlyForDeploymentPostprocessing = 0;
			shellPath = /bin/sh;
			shellScript = "\"${SRCROOT}/Pods/Target Support Files/Pods/Pods-resources.sh\"\n";
			showEnvVarsInLog = 0;
		};
/* End PBXShellScriptBuildPhase section */

/* Begin PBXSourcesBuildPhase section */
		8799DA91192AB4D9009B3CAB /* Sources */ = {
			isa = PBXSourcesBuildPhase;
			buildActionMask = 2147483647;
			files = (
				8799DAAA192ABDE9009B3CAB /* VILogger.m in Sources */,
				8799DAA8192AB4F8009B3CAB /* UHDDatabaseTests.m in Sources */,
				8799DAA9192ABCBA009B3CAB /* UHDPersistentStack.m in Sources */,
				8799DAA0192AB4D9009B3CAB /* UHDRemoteTests.m in Sources */,
			);
			runOnlyForDeploymentPostprocessing = 0;
		};
		87CBE0841908810B0029D9AF /* Sources */ = {
			isa = PBXSourcesBuildPhase;
			buildActionMask = 2147483647;
			files = (
				DC21B6E01923D27600BAD26D /* UHDMensa.m in Sources */,
				877AEE8819BD370300ED270D /* UHDBuildingAnnotationView.m in Sources */,
				94F484921936620B0063BF9F /* UHDTriangleStatusImageView.m in Sources */,
				0A0CEC0D19E44F55009C9F5B /* UHDReadIndicatorView.m in Sources */,
				0B84B31E1993A59C00813CC2 /* UHDBuilding.m in Sources */,
				87B974E8192D5A360080AA40 /* VIManager.m in Sources */,
				87839F3A19D4D70B00E5E6C8 /* MensaDayPickerCell.swift in Sources */,
				0A7FAD00196B17B000E2CC9D /* UHDTalkItemCell.m in Sources */,
				87CBE09C1908810B0029D9AF /* UHDAppDelegate.m in Sources */,
				DCD00AA71996996800DCCB24 /* UHDMensaCell.m in Sources */,
				87A8633819196D10008C106D /* NSManagedObject+VIInsertIntoContextCategory.m in Sources */,
				DCD00AA41996911900DCCB24 /* UIColor+UHDFavouriteColor.m in Sources */,
				870591DF19C10922003E2906 /* VIImageOverlayRenderer.m in Sources */,
				87DC1FA5191AB5C600395559 /* mensa.xcdatamodeld in Sources */,
				0B355878199BC434008053EE /* UHDMapsSearchTableViewController.m in Sources */,
				87FCA9961995901200B3A55F /* UHDRemoteManagedLocation.m in Sources */,
				0ACE47B819619F07004F84F9 /* UHDTalkItem.m in Sources */,
				DC21B6D71923D27500BAD26D /* UHDDailyMenu.m in Sources */,
				DC21B6DD1923D27600BAD26D /* UHDMeal.m in Sources */,
				DC83C93A192BDDA6004CC75B /* UHDMealCell.m in Sources */,
				DC5394A919F284D4004F6828 /* FavouriteMensenView.swift in Sources */,
				0A7FACFA196B13DB00E2CC9D /* UHDEventItemCell.m in Sources */,
				0A586D8E19646A6600DF86EE /* UHDTalkSpeaker.m in Sources */,
				8733B3F619FA110D007263AC /* CircularProgressView+ConfigureForMensa.swift in Sources */,
				870591DB19C0DDFA003E2906 /* UIImage+ImageEffects.m in Sources */,
				0BB49E1919ADC3F60025BD07 /* UHDCampusRegion.m in Sources */,
				0B48B1D019C75FF7009C7977 /* UHDConfigureMapViewController.m in Sources */,
				8733B3F219F9FFD6007263AC /* CircularProgressView.swift in Sources */,
				87B974E5192D57330080AA40 /* UHDRemoteDatasourceManager.m in Sources */,
				DC21B6DA1923D27600BAD26D /* UHDMensaSection.m in Sources */,
				0AD7F3721923F58E00F49551 /* UHDNewsItemCell.m in Sources */,
				0B13624C19B4AF22000ECC3A /* UHDBuildingDetailViewController.m in Sources */,
				872750F21964A1D100FDBC4E /* UHDMensaListViewController.m in Sources */,
				87E8527D19572BD4007503B8 /* UHDRemoteManagedObject.m in Sources */,
				DC94C7E7195B20D300615056 /* UHDMensaDetailViewController.m in Sources */,
				8737FF0C193F9EB0007D61C4 /* VIFetchedResultsControllerDataSource.m in Sources */,
				87F2BA4E1954789600034813 /* UHDNewsListViewController.m in Sources */,
				875396021932B03C00DFEF19 /* UHDNewsSourceCell.m in Sources */,
				8701CE50190C038600A18F82 /* UHDNewsRemoteDatasourceDelegate.m in Sources */,
				0B176E7A1931117700D3C916 /* UHDNewsCategory.m in Sources */,
				87FF70FB1923F33500FCF5F4 /* UHDNewsItem.m in Sources */,
				0BEC8EB11993B40A00EAB8F6 /* UHDMapsRemoteDatasourceDelegate.m in Sources */,
				87FF70FE1924097E00FCF5F4 /* UHDPersistentStack.m in Sources */,
				8733B3FA19FA13BD007263AC /* Hours.swift in Sources */,
				87F826EA190D700E0008144F /* VILogger.m in Sources */,
				87FCA99319958EB100B3A55F /* Maps.xcdatamodeld in Sources */,
				DC602447193E23A500B06BF2 /* UHDMensaViewController.m in Sources */,
				875396081932B11200DFEF19 /* UHDNewsSourceCell+ConfigureForSource.m in Sources */,
				DC462EC1196964F60071ABBC /* UHDFavouritesStarView.m in Sources */,
				DCD00AA01996605400DCCB24 /* UHDFavouriteCell.m in Sources */,
				0B176E711931114200D3C916 /* UHDNewsSourcesViewController.m in Sources */,
				0AF7D43B1A0C440400BD8423 /* UHDSourceCollectionViewCell.m in Sources */,
				87600EA4192139EB00F18C8D /* UHDMensaRemoteDatasourceDelegate.m in Sources */,
				0B355881199BCC02008053EE /* UHDMapsSearchCell+ConfigureForItem.m in Sources */,
				0ACE47B519619BB9004F84F9 /* UHDEventItem.m in Sources */,
				0B35587B199BC923008053EE /* UHDMapsSearchCell.m in Sources */,
				8701CE4C190C00A600A18F82 /* UHDRemoteDatasource.m in Sources */,
				87E8527A1957297A007503B8 /* UHDMapsViewController.m in Sources */,
				0BAB274C19A7296600CAB517 /* UHDLocationCategory.m in Sources */,
				0A5EFF321A0ECB3700A6C999 /* UHDNewsSourcesNavigationBar.m in Sources */,
				0AE2786C192A39CB00ED1641 /* UHDNewsSource.m in Sources */,
				87B276CF192E04110057B505 /* UIColor+UHDBrandColor.m in Sources */,
				0A2000521920F18A0014C977 /* UHDNewsDetailViewController.m in Sources */,
				87F826D0190D422F0008144F /* news.xcdatamodeld in Sources */,
				87CBE0981908810B0029D9AF /* main.m in Sources */,
				87839F3D19D52A3B00E5E6C8 /* MensaDayPicker.swift in Sources */,
				87EE2556191924E20092DF7F /* UHDNewsViewController.m in Sources */,
				DC21B6E31923FDC300BAD26D /* UHDDailyMenuViewController.m in Sources */,
			);
			runOnlyForDeploymentPostprocessing = 0;
		};
/* End PBXSourcesBuildPhase section */

/* Begin PBXTargetDependency section */
		87475EC419E32B300028A9BF /* PBXTargetDependency */ = {
			isa = PBXTargetDependency;
			name = VILogKit;
			targetProxy = 87475EC319E32B300028A9BF /* PBXContainerItemProxy */;
		};
		8799DAA3192AB4D9009B3CAB /* PBXTargetDependency */ = {
			isa = PBXTargetDependency;
			target = 87CBE0871908810B0029D9AF /* uni-hd */;
			targetProxy = 8799DAA2192AB4D9009B3CAB /* PBXContainerItemProxy */;
		};
/* End PBXTargetDependency section */

/* Begin PBXVariantGroup section */
		8799DA9C192AB4D9009B3CAB /* InfoPlist.strings */ = {
			isa = PBXVariantGroup;
			children = (
				8799DA9D192AB4D9009B3CAB /* en */,
			);
			name = InfoPlist.strings;
			sourceTree = "<group>";
		};
		87CBE0941908810B0029D9AF /* InfoPlist.strings */ = {
			isa = PBXVariantGroup;
			children = (
				87CBE0951908810B0029D9AF /* en */,
			);
			name = InfoPlist.strings;
			sourceTree = "<group>";
		};
/* End PBXVariantGroup section */

/* Begin XCBuildConfiguration section */
		8799DAA5192AB4D9009B3CAB /* Debug */ = {
			isa = XCBuildConfiguration;
			baseConfigurationReference = 2200AC222FDAAA1032DCAAD1 /* Pods.debug.xcconfig */;
			buildSettings = {
				BUNDLE_LOADER = "$(BUILT_PRODUCTS_DIR)/uni-hd.app/uni-hd";
				FRAMEWORK_SEARCH_PATHS = (
					"$(SDKROOT)/Developer/Library/Frameworks",
					"$(inherited)",
					"$(DEVELOPER_FRAMEWORKS_DIR)",
				);
				GCC_PRECOMPILE_PREFIX_HEADER = YES;
				GCC_PREFIX_HEADER = "uni-hd-tests/uni-hd-tests-Prefix.pch";
				GCC_PREPROCESSOR_DEFINITIONS = (
					"DEBUG=1",
					"$(inherited)",
				);
				INFOPLIST_FILE = "uni-hd-tests/uni-hd-tests-Info.plist";
				PRODUCT_NAME = "$(TARGET_NAME)";
				TEST_HOST = "$(BUNDLE_LOADER)";
				WRAPPER_EXTENSION = xctest;
			};
			name = Debug;
		};
		8799DAA6192AB4D9009B3CAB /* Release */ = {
			isa = XCBuildConfiguration;
			baseConfigurationReference = 3FCFBC5934DD37BB61FA6AC5 /* Pods.release.xcconfig */;
			buildSettings = {
				BUNDLE_LOADER = "$(BUILT_PRODUCTS_DIR)/uni-hd.app/uni-hd";
				FRAMEWORK_SEARCH_PATHS = (
					"$(SDKROOT)/Developer/Library/Frameworks",
					"$(inherited)",
					"$(DEVELOPER_FRAMEWORKS_DIR)",
				);
				GCC_PRECOMPILE_PREFIX_HEADER = YES;
				GCC_PREFIX_HEADER = "uni-hd-tests/uni-hd-tests-Prefix.pch";
				INFOPLIST_FILE = "uni-hd-tests/uni-hd-tests-Info.plist";
				PRODUCT_NAME = "$(TARGET_NAME)";
				TEST_HOST = "$(BUNDLE_LOADER)";
				WRAPPER_EXTENSION = xctest;
			};
			name = Release;
		};
		87CBE0BE1908810B0029D9AF /* Debug */ = {
			isa = XCBuildConfiguration;
			buildSettings = {
				ALWAYS_SEARCH_USER_PATHS = NO;
				CLANG_CXX_LANGUAGE_STANDARD = "gnu++0x";
				CLANG_CXX_LIBRARY = "libc++";
				CLANG_ENABLE_MODULES = YES;
				CLANG_ENABLE_OBJC_ARC = YES;
				CLANG_WARN_BOOL_CONVERSION = YES;
				CLANG_WARN_CONSTANT_CONVERSION = YES;
				CLANG_WARN_DIRECT_OBJC_ISA_USAGE = YES_ERROR;
				CLANG_WARN_EMPTY_BODY = YES;
				CLANG_WARN_ENUM_CONVERSION = YES;
				CLANG_WARN_INT_CONVERSION = YES;
				CLANG_WARN_OBJC_ROOT_CLASS = YES_ERROR;
				CLANG_WARN__DUPLICATE_METHOD_MATCH = YES;
				"CODE_SIGN_IDENTITY[sdk=iphoneos*]" = "iPhone Developer";
				COPY_PHASE_STRIP = NO;
				GCC_C_LANGUAGE_STANDARD = gnu99;
				GCC_DYNAMIC_NO_PIC = NO;
				GCC_OPTIMIZATION_LEVEL = 0;
				GCC_PREPROCESSOR_DEFINITIONS = (
					"DEBUG=1",
					"$(inherited)",
				);
				GCC_SYMBOLS_PRIVATE_EXTERN = NO;
				GCC_WARN_64_TO_32_BIT_CONVERSION = YES;
				GCC_WARN_ABOUT_RETURN_TYPE = YES_ERROR;
				GCC_WARN_UNDECLARED_SELECTOR = YES;
				GCC_WARN_UNINITIALIZED_AUTOS = YES_AGGRESSIVE;
				GCC_WARN_UNUSED_FUNCTION = YES;
				GCC_WARN_UNUSED_VARIABLE = YES;
				IPHONEOS_DEPLOYMENT_TARGET = 8.0;
				ONLY_ACTIVE_ARCH = YES;
				SDKROOT = iphoneos;
				TARGETED_DEVICE_FAMILY = "1,2";
			};
			name = Debug;
		};
		87CBE0BF1908810B0029D9AF /* Release */ = {
			isa = XCBuildConfiguration;
			buildSettings = {
				ALWAYS_SEARCH_USER_PATHS = NO;
				CLANG_CXX_LANGUAGE_STANDARD = "gnu++0x";
				CLANG_CXX_LIBRARY = "libc++";
				CLANG_ENABLE_MODULES = YES;
				CLANG_ENABLE_OBJC_ARC = YES;
				CLANG_WARN_BOOL_CONVERSION = YES;
				CLANG_WARN_CONSTANT_CONVERSION = YES;
				CLANG_WARN_DIRECT_OBJC_ISA_USAGE = YES_ERROR;
				CLANG_WARN_EMPTY_BODY = YES;
				CLANG_WARN_ENUM_CONVERSION = YES;
				CLANG_WARN_INT_CONVERSION = YES;
				CLANG_WARN_OBJC_ROOT_CLASS = YES_ERROR;
				CLANG_WARN__DUPLICATE_METHOD_MATCH = YES;
				"CODE_SIGN_IDENTITY[sdk=iphoneos*]" = "iPhone Developer";
				COPY_PHASE_STRIP = YES;
				ENABLE_NS_ASSERTIONS = NO;
				GCC_C_LANGUAGE_STANDARD = gnu99;
				GCC_WARN_64_TO_32_BIT_CONVERSION = YES;
				GCC_WARN_ABOUT_RETURN_TYPE = YES_ERROR;
				GCC_WARN_UNDECLARED_SELECTOR = YES;
				GCC_WARN_UNINITIALIZED_AUTOS = YES_AGGRESSIVE;
				GCC_WARN_UNUSED_FUNCTION = YES;
				GCC_WARN_UNUSED_VARIABLE = YES;
				IPHONEOS_DEPLOYMENT_TARGET = 8.0;
				SDKROOT = iphoneos;
				TARGETED_DEVICE_FAMILY = "1,2";
				VALIDATE_PRODUCT = YES;
			};
			name = Release;
		};
		87CBE0C11908810B0029D9AF /* Debug */ = {
			isa = XCBuildConfiguration;
			baseConfigurationReference = 2200AC222FDAAA1032DCAAD1 /* Pods.debug.xcconfig */;
			buildSettings = {
				ASSETCATALOG_COMPILER_APPICON_NAME = AppIcon;
				ASSETCATALOG_COMPILER_LAUNCHIMAGE_NAME = LaunchImage;
				CLANG_ENABLE_MODULES = YES;
				CODE_SIGN_IDENTITY = "iPhone Developer";
				EMBEDDED_CONTENT_CONTAINS_SWIFT = YES;
				FRAMEWORK_SEARCH_PATHS = (
					"$(inherited)",
					"$(USER_LIBRARY_DIR)/Developer/Xcode/DerivedData/uni-hd-fedgpnezxqnymdbsirnvjggrhebd/Build/Products/Debug-iphoneos",
				);
				GCC_PRECOMPILE_PREFIX_HEADER = YES;
				GCC_PREFIX_HEADER = "uni-hd/uni-hd-Prefix.pch";
				INFOPLIST_FILE = "uni-hd/uni-hd-Info.plist";
				LD_RUNPATH_SEARCH_PATHS = "$(inherited) @executable_path/Frameworks";
				PRODUCT_NAME = "$(TARGET_NAME)";
				SWIFT_OBJC_BRIDGING_HEADER = "uni-hd/uni-hd-Bridging-Header.h";
				SWIFT_OPTIMIZATION_LEVEL = "-Onone";
				WRAPPER_EXTENSION = app;
			};
			name = Debug;
		};
		87CBE0C21908810B0029D9AF /* Release */ = {
			isa = XCBuildConfiguration;
			baseConfigurationReference = 3FCFBC5934DD37BB61FA6AC5 /* Pods.release.xcconfig */;
			buildSettings = {
				ASSETCATALOG_COMPILER_APPICON_NAME = AppIcon;
				ASSETCATALOG_COMPILER_LAUNCHIMAGE_NAME = LaunchImage;
				CLANG_ENABLE_MODULES = YES;
				CODE_SIGN_IDENTITY = "iPhone Developer";
				EMBEDDED_CONTENT_CONTAINS_SWIFT = YES;
				FRAMEWORK_SEARCH_PATHS = (
					"$(inherited)",
					"$(USER_LIBRARY_DIR)/Developer/Xcode/DerivedData/uni-hd-fedgpnezxqnymdbsirnvjggrhebd/Build/Products/Debug-iphoneos",
				);
				GCC_PRECOMPILE_PREFIX_HEADER = YES;
				GCC_PREFIX_HEADER = "uni-hd/uni-hd-Prefix.pch";
				INFOPLIST_FILE = "uni-hd/uni-hd-Info.plist";
				LD_RUNPATH_SEARCH_PATHS = "$(inherited) @executable_path/Frameworks";
				PRODUCT_NAME = "$(TARGET_NAME)";
				SWIFT_OBJC_BRIDGING_HEADER = "uni-hd/uni-hd-Bridging-Header.h";
				WRAPPER_EXTENSION = app;
			};
			name = Release;
		};
/* End XCBuildConfiguration section */

/* Begin XCConfigurationList section */
		8799DAA4192AB4D9009B3CAB /* Build configuration list for PBXNativeTarget "uni-hd-tests" */ = {
			isa = XCConfigurationList;
			buildConfigurations = (
				8799DAA5192AB4D9009B3CAB /* Debug */,
				8799DAA6192AB4D9009B3CAB /* Release */,
			);
			defaultConfigurationIsVisible = 0;
			defaultConfigurationName = Release;
		};
		87CBE0831908810B0029D9AF /* Build configuration list for PBXProject "uni-hd" */ = {
			isa = XCConfigurationList;
			buildConfigurations = (
				87CBE0BE1908810B0029D9AF /* Debug */,
				87CBE0BF1908810B0029D9AF /* Release */,
			);
			defaultConfigurationIsVisible = 0;
			defaultConfigurationName = Release;
		};
		87CBE0C01908810B0029D9AF /* Build configuration list for PBXNativeTarget "uni-hd" */ = {
			isa = XCConfigurationList;
			buildConfigurations = (
				87CBE0C11908810B0029D9AF /* Debug */,
				87CBE0C21908810B0029D9AF /* Release */,
			);
			defaultConfigurationIsVisible = 0;
			defaultConfigurationName = Release;
		};
/* End XCConfigurationList section */

/* Begin XCVersionGroup section */
		87DC1FA3191AB5C600395559 /* mensa.xcdatamodeld */ = {
			isa = XCVersionGroup;
			children = (
				87DC1FA4191AB5C600395559 /* mensa.xcdatamodel */,
			);
			currentVersion = 87DC1FA4191AB5C600395559 /* mensa.xcdatamodel */;
			path = mensa.xcdatamodeld;
			sourceTree = "<group>";
			versionGroupType = wrapper.xcdatamodel;
		};
		87F826CE190D422F0008144F /* news.xcdatamodeld */ = {
			isa = XCVersionGroup;
			children = (
				87F826CF190D422F0008144F /* news.xcdatamodel */,
			);
			currentVersion = 87F826CF190D422F0008144F /* news.xcdatamodel */;
			path = news.xcdatamodeld;
			sourceTree = "<group>";
			versionGroupType = wrapper.xcdatamodel;
		};
		87FCA99119958EB100B3A55F /* Maps.xcdatamodeld */ = {
			isa = XCVersionGroup;
			children = (
				87FCA99219958EB100B3A55F /* Maps.xcdatamodel */,
			);
			currentVersion = 87FCA99219958EB100B3A55F /* Maps.xcdatamodel */;
			path = Maps.xcdatamodeld;
			sourceTree = "<group>";
			versionGroupType = wrapper.xcdatamodel;
		};
/* End XCVersionGroup section */
	};
	rootObject = 87CBE0801908810B0029D9AF /* Project object */;
}
